
Microsoft Visual Studio Solution File, Format Version 12.00
# Visual Studio 15
VisualStudioVersion = 15.0.27428.1
MinimumVisualStudioVersion = 10.0.40219.1
Project("{FAE04EC0-301F-11D3-BF4B-00C04F79EFBC}") = "FaceServer", "FaceServer\FaceServer.csproj", "{DB23DDD8-F7E5-47E8-992B-074F07F801A3}"
EndProject
Project("{FAE04EC0-301F-11D3-BF4B-00C04F79EFBC}") = "ConsoleApp1", "ConsoleApp1\ConsoleApp1.csproj", "{E3EF8256-FA83-4E26-82A6-87126930821A}"
EndProject
Project("{FAE04EC0-301F-11D3-BF4B-00C04F79EFBC}") = "ClassLibrary1", "ClassLibrary1\ClassLibrary1.csproj", "{9F32B0F7-B4E7-4A89-AB1E-0AEEFE3A0C7F}"
EndProject
Project("{8BC9CEB8-8B4A-11D0-8D11-00A0C91BC942}") = "Dll1", "Dll1\Dll1.vcxproj", "{A146A67A-3DD1-4328-A0AD-75B4E2BC0850}"
EndProject
Project("{FAE04EC0-301F-11D3-BF4B-00C04F79EFBC}") = "WebApplication1", "WebApplication1\WebApplication1.csproj", "{3F370CFB-5B68-41EC-82D3-7534B571D6CC}"
EndProject
Project("{FAE04EC0-301F-11D3-BF4B-00C04F79EFBC}") = "DBWorld.AecCloud.Web", "F:\dev\test\AecPrivateCloud.ALL\Web\DBWorld.AecCloud.Web\DBWorld.AecCloud.Web.csproj", "{DFE9861B-1F3F-45CF-B35D-8024DF7F890F}"
EndProject
Project("{FAE04EC0-301F-11D3-BF4B-00C04F79EFBC}") = "six2015", "F:\dev\study\six2015\six2015\six2015.csproj", "{EF17061F-1AD5-4A13-8CEC-358DE7CA1240}"
EndProject
Project("{FAE04EC0-301F-11D3-BF4B-00C04F79EFBC}") = "FaceServerDaemon", "FaceServerDaemon\FaceServerDaemon.csproj", "{D69C36EC-21B4-4923-83AF-DEA02F49EA54}"
EndProject
Global
	GlobalSection(SolutionConfigurationPlatforms) = preSolution
		Debug|Any CPU = Debug|Any CPU
		Debug|x64 = Debug|x64
		Debug|x86 = Debug|x86
		Release|Any CPU = Release|Any CPU
		Release|x64 = Release|x64
		Release|x86 = Release|x86
	EndGlobalSection
	GlobalSection(ProjectConfigurationPlatforms) = postSolution
		{DB23DDD8-F7E5-47E8-992B-074F07F801A3}.Debug|Any CPU.ActiveCfg = Debug|Any CPU
		{DB23DDD8-F7E5-47E8-992B-074F07F801A3}.Debug|Any CPU.Build.0 = Debug|Any CPU
		{DB23DDD8-F7E5-47E8-992B-074F07F801A3}.Debug|x64.ActiveCfg = Debug|Any CPU
		{DB23DDD8-F7E5-47E8-992B-074F07F801A3}.Debug|x64.Build.0 = Debug|Any CPU
		{DB23DDD8-F7E5-47E8-992B-074F07F801A3}.Debug|x86.ActiveCfg = Debug|Any CPU
		{DB23DDD8-F7E5-47E8-992B-074F07F801A3}.Debug|x86.Build.0 = Debug|Any CPU
		{DB23DDD8-F7E5-47E8-992B-074F07F801A3}.Release|Any CPU.ActiveCfg = Release|Any CPU
		{DB23DDD8-F7E5-47E8-992B-074F07F801A3}.Release|Any CPU.Build.0 = Release|Any CPU
		{DB23DDD8-F7E5-47E8-992B-074F07F801A3}.Release|x64.ActiveCfg = Release|Any CPU
		{DB23DDD8-F7E5-47E8-992B-074F07F801A3}.Release|x64.Build.0 = Release|Any CPU
		{DB23DDD8-F7E5-47E8-992B-074F07F801A3}.Release|x86.ActiveCfg = Release|Any CPU
		{DB23DDD8-F7E5-47E8-992B-074F07F801A3}.Release|x86.Build.0 = Release|Any CPU
		{E3EF8256-FA83-4E26-82A6-87126930821A}.Debug|Any CPU.ActiveCfg = Debug|Any CPU
		{E3EF8256-FA83-4E26-82A6-87126930821A}.Debug|Any CPU.Build.0 = Debug|Any CPU
		{E3EF8256-FA83-4E26-82A6-87126930821A}.Debug|x64.ActiveCfg = Debug|Any CPU
		{E3EF8256-FA83-4E26-82A6-87126930821A}.Debug|x64.Build.0 = Debug|Any CPU
		{E3EF8256-FA83-4E26-82A6-87126930821A}.Debug|x86.ActiveCfg = Debug|Any CPU
		{E3EF8256-FA83-4E26-82A6-87126930821A}.Debug|x86.Build.0 = Debug|Any CPU
		{E3EF8256-FA83-4E26-82A6-87126930821A}.Release|Any CPU.ActiveCfg = Release|Any CPU
		{E3EF8256-FA83-4E26-82A6-87126930821A}.Release|Any CPU.Build.0 = Release|Any CPU
		{E3EF8256-FA83-4E26-82A6-87126930821A}.Release|x64.ActiveCfg = Release|Any CPU
		{E3EF8256-FA83-4E26-82A6-87126930821A}.Release|x64.Build.0 = Release|Any CPU
		{E3EF8256-FA83-4E26-82A6-87126930821A}.Release|x86.ActiveCfg = Release|Any CPU
		{E3EF8256-FA83-4E26-82A6-87126930821A}.Release|x86.Build.0 = Release|Any CPU
		{9F32B0F7-B4E7-4A89-AB1E-0AEEFE3A0C7F}.Debug|Any CPU.ActiveCfg = Debug|Any CPU
		{9F32B0F7-B4E7-4A89-AB1E-0AEEFE3A0C7F}.Debug|Any CPU.Build.0 = Debug|Any CPU
		{9F32B0F7-B4E7-4A89-AB1E-0AEEFE3A0C7F}.Debug|x64.ActiveCfg = Debug|Any CPU
		{9F32B0F7-B4E7-4A89-AB1E-0AEEFE3A0C7F}.Debug|x64.Build.0 = Debug|Any CPU
		{9F32B0F7-B4E7-4A89-AB1E-0AEEFE3A0C7F}.Debug|x86.ActiveCfg = Debug|Any CPU
		{9F32B0F7-B4E7-4A89-AB1E-0AEEFE3A0C7F}.Debug|x86.Build.0 = Debug|Any CPU
		{9F32B0F7-B4E7-4A89-AB1E-0AEEFE3A0C7F}.Release|Any CPU.ActiveCfg = Release|Any CPU
		{9F32B0F7-B4E7-4A89-AB1E-0AEEFE3A0C7F}.Release|Any CPU.Build.0 = Release|Any CPU
		{9F32B0F7-B4E7-4A89-AB1E-0AEEFE3A0C7F}.Release|x64.ActiveCfg = Release|Any CPU
		{9F32B0F7-B4E7-4A89-AB1E-0AEEFE3A0C7F}.Release|x64.Build.0 = Release|Any CPU
		{9F32B0F7-B4E7-4A89-AB1E-0AEEFE3A0C7F}.Release|x86.ActiveCfg = Release|Any CPU
		{9F32B0F7-B4E7-4A89-AB1E-0AEEFE3A0C7F}.Release|x86.Build.0 = Release|Any CPU
		{A146A67A-3DD1-4328-A0AD-75B4E2BC0850}.Debug|Any CPU.ActiveCfg = Debug|x64
		{A146A67A-3DD1-4328-A0AD-75B4E2BC0850}.Debug|x64.ActiveCfg = Debug|x64
		{A146A67A-3DD1-4328-A0AD-75B4E2BC0850}.Debug|x64.Build.0 = Debug|x64
		{A146A67A-3DD1-4328-A0AD-75B4E2BC0850}.Debug|x86.ActiveCfg = Debug|Win32
		{A146A67A-3DD1-4328-A0AD-75B4E2BC0850}.Debug|x86.Build.0 = Debug|Win32
		{A146A67A-3DD1-4328-A0AD-75B4E2BC0850}.Release|Any CPU.ActiveCfg = Release|Win32
		{A146A67A-3DD1-4328-A0AD-75B4E2BC0850}.Release|x64.ActiveCfg = Release|x64
		{A146A67A-3DD1-4328-A0AD-75B4E2BC0850}.Release|x64.Build.0 = Release|x64
		{A146A67A-3DD1-4328-A0AD-75B4E2BC0850}.Release|x86.ActiveCfg = Release|Win32
		{A146A67A-3DD1-4328-A0AD-75B4E2BC0850}.Release|x86.Build.0 = Release|Win32
		{3F370CFB-5B68-41EC-82D3-7534B571D6CC}.Debug|Any CPU.ActiveCfg = Debug|Any CPU
		{3F370CFB-5B68-41EC-82D3-7534B571D6CC}.Debug|Any CPU.Build.0 = Debug|Any CPU
		{3F370CFB-5B68-41EC-82D3-7534B571D6CC}.Debug|x64.ActiveCfg = Debug|Any CPU
		{3F370CFB-5B68-41EC-82D3-7534B571D6CC}.Debug|x64.Build.0 = Debug|Any CPU
		{3F370CFB-5B68-41EC-82D3-7534B571D6CC}.Debug|x86.ActiveCfg = Debug|Any CPU
		{3F370CFB-5B68-41EC-82D3-7534B571D6CC}.Debug|x86.Build.0 = Debug|Any CPU
		{3F370CFB-5B68-41EC-82D3-7534B571D6CC}.Release|Any CPU.ActiveCfg = Release|Any CPU
		{3F370CFB-5B68-41EC-82D3-7534B571D6CC}.Release|Any CPU.Build.0 = Release|Any CPU
		{3F370CFB-5B68-41EC-82D3-7534B571D6CC}.Release|x64.ActiveCfg = Release|Any CPU
		{3F370CFB-5B68-41EC-82D3-7534B571D6CC}.Release|x64.Build.0 = Release|Any CPU
		{3F370CFB-5B68-41EC-82D3-7534B571D6CC}.Release|x86.ActiveCfg = Release|Any CPU
		{3F370CFB-5B68-41EC-82D3-7534B571D6CC}.Release|x86.Build.0 = Release|Any CPU
		{DFE9861B-1F3F-45CF-B35D-8024DF7F890F}.Debug|Any CPU.ActiveCfg = Debug|Any CPU
		{DFE9861B-1F3F-45CF-B35D-8024DF7F890F}.Debug|Any CPU.Build.0 = Debug|Any CPU
		{DFE9861B-1F3F-45CF-B35D-8024DF7F890F}.Debug|x64.ActiveCfg = Debug|Any CPU
		{DFE9861B-1F3F-45CF-B35D-8024DF7F890F}.Debug|x64.Build.0 = Debug|Any CPU
		{DFE9861B-1F3F-45CF-B35D-8024DF7F890F}.Debug|x86.ActiveCfg = Debug|Any CPU
		{DFE9861B-1F3F-45CF-B35D-8024DF7F890F}.Debug|x86.Build.0 = Debug|Any CPU
		{DFE9861B-1F3F-45CF-B35D-8024DF7F890F}.Release|Any CPU.ActiveCfg = Release|Any CPU
		{DFE9861B-1F3F-45CF-B35D-8024DF7F890F}.Release|Any CPU.Build.0 = Release|Any CPU
		{DFE9861B-1F3F-45CF-B35D-8024DF7F890F}.Release|x64.ActiveCfg = Release|Any CPU
		{DFE9861B-1F3F-45CF-B35D-8024DF7F890F}.Release|x64.Build.0 = Release|Any CPU
		{DFE9861B-1F3F-45CF-B35D-8024DF7F890F}.Release|x86.ActiveCfg = Release|Any CPU
		{DFE9861B-1F3F-45CF-B35D-8024DF7F890F}.Release|x86.Build.0 = Release|Any CPU
		{EF17061F-1AD5-4A13-8CEC-358DE7CA1240}.Debug|Any CPU.ActiveCfg = Debug|Any CPU
		{EF17061F-1AD5-4A13-8CEC-358DE7CA1240}.Debug|Any CPU.Build.0 = Debug|Any CPU
		{EF17061F-1AD5-4A13-8CEC-358DE7CA1240}.Debug|x64.ActiveCfg = Debug|Any CPU
		{EF17061F-1AD5-4A13-8CEC-358DE7CA1240}.Debug|x64.Build.0 = Debug|Any CPU
		{EF17061F-1AD5-4A13-8CEC-358DE7CA1240}.Debug|x86.ActiveCfg = Debug|Any CPU
		{EF17061F-1AD5-4A13-8CEC-358DE7CA1240}.Debug|x86.Build.0 = Debug|Any CPU
		{EF17061F-1AD5-4A13-8CEC-358DE7CA1240}.Release|Any CPU.ActiveCfg = Release|Any CPU
		{EF17061F-1AD5-4A13-8CEC-358DE7CA1240}.Release|Any CPU.Build.0 = Release|Any CPU
		{EF17061F-1AD5-4A13-8CEC-358DE7CA1240}.Release|x64.ActiveCfg = Release|Any CPU
		{EF17061F-1AD5-4A13-8CEC-358DE7CA1240}.Release|x64.Build.0 = Release|Any CPU
		{EF17061F-1AD5-4A13-8CEC-358DE7CA1240}.Release|x86.ActiveCfg = Release|Any CPU
		{EF17061F-1AD5-4A13-8CEC-358DE7CA1240}.Release|x86.Build.0 = Release|Any CPU
		{D69C36EC-21B4-4923-83AF-DEA02F49EA54}.Debug|Any CPU.ActiveCfg = Debug|Any CPU
		{D69C36EC-21B4-4923-83AF-DEA02F49EA54}.Debug|Any CPU.Build.0 = Debug|Any CPU
		{D69C36EC-21B4-4923-83AF-DEA02F49EA54}.Debug|x64.ActiveCfg = Debug|Any CPU
		{D69C36EC-21B4-4923-83AF-DEA02F49EA54}.Debug|x64.Build.0 = Debug|Any CPU
		{D69C36EC-21B4-4923-83AF-DEA02F49EA54}.Debug|x86.ActiveCfg = Debug|Any CPU
		{D69C36EC-21B4-4923-83AF-DEA02F49EA54}.Debug|x86.Build.0 = Debug|Any CPU
		{D69C36EC-21B4-4923-83AF-DEA02F49EA54}.Release|Any CPU.ActiveCfg = Release|Any CPU
		{D69C36EC-21B4-4923-83AF-DEA02F49EA54}.Release|Any CPU.Build.0 = Release|Any CPU
		{D69C36EC-21B4-4923-83AF-DEA02F49EA54}.Release|x64.ActiveCfg = Release|Any CPU
		{D69C36EC-21B4-4923-83AF-DEA02F49EA54}.Release|x64.Build.0 = Release|Any CPU
		{D69C36EC-21B4-4923-83AF-DEA02F49EA54}.Release|x86.ActiveCfg = Release|Any CPU
		{D69C36EC-21B4-4923-83AF-DEA02F49EA54}.Release|x86.Build.0 = Release|Any CPU
	EndGlobalSection
	GlobalSection(SolutionProperties) = preSolution
		HideSolutionNode = FALSE
	EndGlobalSection
	GlobalSection(ExtensibilityGlobals) = postSolution
		SolutionGuid = {4DD1D7B7-AA3B-44AD-A0F2-461DAD301E95}
	EndGlobalSection
EndGlobal
