
Microsoft Visual Studio Solution File, Format Version 12.00
# Visual Studio 15
VisualStudioVersion = 15.0.27428.1
MinimumVisualStudioVersion = 10.0.40219.1
Project("{FAE04EC0-301F-11D3-BF4B-00C04F79EFBC}") = "FaceServer", "FaceServer\FaceServer.csproj", "{DB23DDD8-F7E5-47E8-992B-074F07F801A3}"
EndProject
Project("{FAE04EC0-301F-11D3-BF4B-00C04F79EFBC}") = "ConsoleApp1", "ConsoleApp1\ConsoleApp1.csproj", "{E3EF8256-FA83-4E26-82A6-87126930821A}"
EndProject
Project("{FAE04EC0-301F-11D3-BF4B-00C04F79EFBC}") = "testorleans", "testorleans\testorleans.csproj", "{49D3F89C-D0C8-4B35-9EA7-37DE6DB7DF18}"
EndProject
Project("{FAE04EC0-301F-11D3-BF4B-00C04F79EFBC}") = "GrainInterfaces", "GrainInterfaces\GrainInterfaces.csproj", "{D7F3AEAE-F054-41D2-A9CC-8BC10D3033E3}"
EndProject
Global
	GlobalSection(SolutionConfigurationPlatforms) = preSolution
		Debug|Any CPU = Debug|Any CPU
		Debug|x64 = Debug|x64
		Debug|x86 = Debug|x86
		Release|Any CPU = Release|Any CPU
		Release|x64 = Release|x64
		Release|x86 = Release|x86
	EndGlobalSection
	GlobalSection(ProjectConfigurationPlatforms) = postSolution
		{DB23DDD8-F7E5-47E8-992B-074F07F801A3}.Debug|Any CPU.ActiveCfg = Debug|Any CPU
		{DB23DDD8-F7E5-47E8-992B-074F07F801A3}.Debug|Any CPU.Build.0 = Debug|Any CPU
		{DB23DDD8-F7E5-47E8-992B-074F07F801A3}.Debug|x64.ActiveCfg = Debug|Any CPU
		{DB23DDD8-F7E5-47E8-992B-074F07F801A3}.Debug|x64.Build.0 = Debug|Any CPU
		{DB23DDD8-F7E5-47E8-992B-074F07F801A3}.Debug|x86.ActiveCfg = Debug|Any CPU
		{DB23DDD8-F7E5-47E8-992B-074F07F801A3}.Debug|x86.Build.0 = Debug|Any CPU
		{DB23DDD8-F7E5-47E8-992B-074F07F801A3}.Release|Any CPU.ActiveCfg = Release|Any CPU
		{DB23DDD8-F7E5-47E8-992B-074F07F801A3}.Release|Any CPU.Build.0 = Release|Any CPU
		{DB23DDD8-F7E5-47E8-992B-074F07F801A3}.Release|x64.ActiveCfg = Release|Any CPU
		{DB23DDD8-F7E5-47E8-992B-074F07F801A3}.Release|x64.Build.0 = Release|Any CPU
		{DB23DDD8-F7E5-47E8-992B-074F07F801A3}.Release|x86.ActiveCfg = Release|Any CPU
		{DB23DDD8-F7E5-47E8-992B-074F07F801A3}.Release|x86.Build.0 = Release|Any CPU
		{E3EF8256-FA83-4E26-82A6-87126930821A}.Debug|Any CPU.ActiveCfg = Debug|Any CPU
		{E3EF8256-FA83-4E26-82A6-87126930821A}.Debug|Any CPU.Build.0 = Debug|Any CPU
		{E3EF8256-FA83-4E26-82A6-87126930821A}.Debug|x64.ActiveCfg = Debug|Any CPU
		{E3EF8256-FA83-4E26-82A6-87126930821A}.Debug|x64.Build.0 = Debug|Any CPU
		{E3EF8256-FA83-4E26-82A6-87126930821A}.Debug|x86.ActiveCfg = Debug|Any CPU
		{E3EF8256-FA83-4E26-82A6-87126930821A}.Debug|x86.Build.0 = Debug|Any CPU
		{E3EF8256-FA83-4E26-82A6-87126930821A}.Release|Any CPU.ActiveCfg = Release|Any CPU
		{E3EF8256-FA83-4E26-82A6-87126930821A}.Release|Any CPU.Build.0 = Release|Any CPU
		{E3EF8256-FA83-4E26-82A6-87126930821A}.Release|x64.ActiveCfg = Release|Any CPU
		{E3EF8256-FA83-4E26-82A6-87126930821A}.Release|x64.Build.0 = Release|Any CPU
		{E3EF8256-FA83-4E26-82A6-87126930821A}.Release|x86.ActiveCfg = Release|Any CPU
		{E3EF8256-FA83-4E26-82A6-87126930821A}.Release|x86.Build.0 = Release|Any CPU
		{49D3F89C-D0C8-4B35-9EA7-37DE6DB7DF18}.Debug|Any CPU.ActiveCfg = Debug|Any CPU
		{49D3F89C-D0C8-4B35-9EA7-37DE6DB7DF18}.Debug|Any CPU.Build.0 = Debug|Any CPU
		{49D3F89C-D0C8-4B35-9EA7-37DE6DB7DF18}.Debug|x64.ActiveCfg = Debug|Any CPU
		{49D3F89C-D0C8-4B35-9EA7-37DE6DB7DF18}.Debug|x64.Build.0 = Debug|Any CPU
		{49D3F89C-D0C8-4B35-9EA7-37DE6DB7DF18}.Debug|x86.ActiveCfg = Debug|Any CPU
		{49D3F89C-D0C8-4B35-9EA7-37DE6DB7DF18}.Debug|x86.Build.0 = Debug|Any CPU
		{49D3F89C-D0C8-4B35-9EA7-37DE6DB7DF18}.Release|Any CPU.ActiveCfg = Release|Any CPU
		{49D3F89C-D0C8-4B35-9EA7-37DE6DB7DF18}.Release|Any CPU.Build.0 = Release|Any CPU
		{49D3F89C-D0C8-4B35-9EA7-37DE6DB7DF18}.Release|x64.ActiveCfg = Release|Any CPU
		{49D3F89C-D0C8-4B35-9EA7-37DE6DB7DF18}.Release|x64.Build.0 = Release|Any CPU
		{49D3F89C-D0C8-4B35-9EA7-37DE6DB7DF18}.Release|x86.ActiveCfg = Release|Any CPU
		{49D3F89C-D0C8-4B35-9EA7-37DE6DB7DF18}.Release|x86.Build.0 = Release|Any CPU
		{D7F3AEAE-F054-41D2-A9CC-8BC10D3033E3}.Debug|Any CPU.ActiveCfg = Debug|Any CPU
		{D7F3AEAE-F054-41D2-A9CC-8BC10D3033E3}.Debug|Any CPU.Build.0 = Debug|Any CPU
		{D7F3AEAE-F054-41D2-A9CC-8BC10D3033E3}.Debug|x64.ActiveCfg = Debug|Any CPU
		{D7F3AEAE-F054-41D2-A9CC-8BC10D3033E3}.Debug|x64.Build.0 = Debug|Any CPU
		{D7F3AEAE-F054-41D2-A9CC-8BC10D3033E3}.Debug|x86.ActiveCfg = Debug|Any CPU
		{D7F3AEAE-F054-41D2-A9CC-8BC10D3033E3}.Debug|x86.Build.0 = Debug|Any CPU
		{D7F3AEAE-F054-41D2-A9CC-8BC10D3033E3}.Release|Any CPU.ActiveCfg = Release|Any CPU
		{D7F3AEAE-F054-41D2-A9CC-8BC10D3033E3}.Release|Any CPU.Build.0 = Release|Any CPU
		{D7F3AEAE-F054-41D2-A9CC-8BC10D3033E3}.Release|x64.ActiveCfg = Release|Any CPU
		{D7F3AEAE-F054-41D2-A9CC-8BC10D3033E3}.Release|x64.Build.0 = Release|Any CPU
		{D7F3AEAE-F054-41D2-A9CC-8BC10D3033E3}.Release|x86.ActiveCfg = Release|Any CPU
		{D7F3AEAE-F054-41D2-A9CC-8BC10D3033E3}.Release|x86.Build.0 = Release|Any CPU
	EndGlobalSection
	GlobalSection(SolutionProperties) = preSolution
		HideSolutionNode = FALSE
	EndGlobalSection
	GlobalSection(ExtensibilityGlobals) = postSolution
		SolutionGuid = {4DD1D7B7-AA3B-44AD-A0F2-461DAD301E95}
	EndGlobalSection
EndGlobal
