
Microsoft Visual Studio Solution File, Format Version 12.00
# Visual Studio 15
VisualStudioVersion = 15.0.27428.1
MinimumVisualStudioVersion = 10.0.40219.1
Project("{FAE04EC0-301F-11D3-BF4B-00C04F79EFBC}") = "FaceDeskTop", "FaceDeskTop.csproj", "{F75E54F1-CFE8-445F-A7A0-6DCB6BE1688D}"
EndProject
Project("{FAE04EC0-301F-11D3-BF4B-00C04F79EFBC}") = "FaceCompareCon", "FaceCompareCon\FaceCompareCon.csproj", "{E3EF8256-FA83-4E26-82A6-87126930821A}"
EndProject
Project("{9A19103F-16F7-4668-BE54-9A1E7A4F7556}") = "FaceRepository", "FaceRepository\FaceRepository.csproj", "{DB0800FE-11D8-4AE9-8830-5E4090054A67}"
EndProject
Project("{9A19103F-16F7-4668-BE54-9A1E7A4F7556}") = "RepositoryCommon", "RepositoryCommon\RepositoryCommon.csproj", "{78EF59D4-D9FB-4CCD-85F7-9082EFF29B70}"
EndProject
Project("{9A19103F-16F7-4668-BE54-9A1E7A4F7556}") = "testrepository", "testrepository\testrepository.csproj", "{677D4AAA-F1F8-4075-820A-40678F472B45}"
EndProject
Project("{9A19103F-16F7-4668-BE54-9A1E7A4F7556}") = "watchintranet", "watchintranet\watchintranet.csproj", "{58007EA9-4768-4EE5-8EF5-73C0F2E923F6}"
EndProject
Project("{9A19103F-16F7-4668-BE54-9A1E7A4F7556}") = "watchinternet", "watchinternet\watchinternet.csproj", "{D93D8102-4E55-469A-93B6-2B118B236253}"
EndProject
Project("{2150E333-8FDC-42A3-9474-1A3956D46DE8}") = "Solution Items", "Solution Items", "{01381CE1-E488-4847-A984-9628F56CE1FD}"
	ProjectSection(SolutionItems) = preProject
		.nuget\NuGet.Config = .nuget\NuGet.Config
		.nuget\NuGet.exe = .nuget\NuGet.exe
		.nuget\NuGet.targets = .nuget\NuGet.targets
	EndProjectSection
EndProject
Project("{FAE04EC0-301F-11D3-BF4B-00C04F79EFBC}") = "WindowsFormsApp1", "..\WindowsFormsApp1\WindowsFormsApp1.csproj", "{066559CC-07EA-4964-A2C7-3D1FF0B4509C}"
EndProject
Project("{FAE04EC0-301F-11D3-BF4B-00C04F79EFBC}") = "testfaces", "..\orleansdaemon\testfaces\testfaces.csproj", "{8EA0C0E0-8A36-4F8D-A2A0-2644AFC1BE72}"
EndProject
Project("{9A19103F-16F7-4668-BE54-9A1E7A4F7556}") = "facedata", "..\facedata\facedata.csproj", "{D55DDBA4-838C-4D93-9B9D-0547C5AB43B0}"
EndProject
Project("{9A19103F-16F7-4668-BE54-9A1E7A4F7556}") = "baidu", "..\baidu\baidu.csproj", "{6A11E195-880A-48C5-BA6A-6276DA0DE85D}"
EndProject
Project("{9A19103F-16F7-4668-BE54-9A1E7A4F7556}") = "testoneofn", "..\testoneofn\testoneofn.csproj", "{0AEC01F6-A73F-4879-A342-DF5416FF0360}"
EndProject
Project("{9A19103F-16F7-4668-BE54-9A1E7A4F7556}") = "groupfaces", "..\groupfaces\groupfaces.csproj", "{F2DB494E-1746-465E-B2A9-8748069A1DDA}"
EndProject
Project("{FAE04EC0-301F-11D3-BF4B-00C04F79EFBC}") = "detectface", "detectface\detectface.csproj", "{76866886-E15F-42D1-8F7E-EB47BEAF598D}"
EndProject
Project("{FAE04EC0-301F-11D3-BF4B-00C04F79EFBC}") = "modifypic", "modifypic\modifypic.csproj", "{18988277-4C45-4A65-9688-870DFCD043CF}"
EndProject
Project("{9A19103F-16F7-4668-BE54-9A1E7A4F7556}") = "aa", "I:\dev\aa\aa.csproj", "{F13786EB-2A4A-42CB-BD94-856B5674BBFB}"
EndProject
Project("{FAE04EC0-301F-11D3-BF4B-00C04F79EFBC}") = "boxface", "boxface\boxface.csproj", "{7B96E817-0369-4D5A-BB27-1D7CC700F23C}"
EndProject
Global
	GlobalSection(SolutionConfigurationPlatforms) = preSolution
		Debug|Any CPU = Debug|Any CPU
		Debug|ARM = Debug|ARM
		Debug|Mixed Platforms = Debug|Mixed Platforms
		Debug|Win32 = Debug|Win32
		Debug|x64 = Debug|x64
		Debug|x86 = Debug|x86
		Release|Any CPU = Release|Any CPU
		Release|ARM = Release|ARM
		Release|Mixed Platforms = Release|Mixed Platforms
		Release|Win32 = Release|Win32
		Release|x64 = Release|x64
		Release|x86 = Release|x86
	EndGlobalSection
	GlobalSection(ProjectConfigurationPlatforms) = postSolution
		{F75E54F1-CFE8-445F-A7A0-6DCB6BE1688D}.Debug|Any CPU.ActiveCfg = Debug|Any CPU
		{F75E54F1-CFE8-445F-A7A0-6DCB6BE1688D}.Debug|Any CPU.Build.0 = Debug|Any CPU
		{F75E54F1-CFE8-445F-A7A0-6DCB6BE1688D}.Debug|ARM.ActiveCfg = Debug|Any CPU
		{F75E54F1-CFE8-445F-A7A0-6DCB6BE1688D}.Debug|ARM.Build.0 = Debug|Any CPU
		{F75E54F1-CFE8-445F-A7A0-6DCB6BE1688D}.Debug|Mixed Platforms.ActiveCfg = Debug|Any CPU
		{F75E54F1-CFE8-445F-A7A0-6DCB6BE1688D}.Debug|Mixed Platforms.Build.0 = Debug|Any CPU
		{F75E54F1-CFE8-445F-A7A0-6DCB6BE1688D}.Debug|Win32.ActiveCfg = Debug|Any CPU
		{F75E54F1-CFE8-445F-A7A0-6DCB6BE1688D}.Debug|Win32.Build.0 = Debug|Any CPU
		{F75E54F1-CFE8-445F-A7A0-6DCB6BE1688D}.Debug|x64.ActiveCfg = Debug|Any CPU
		{F75E54F1-CFE8-445F-A7A0-6DCB6BE1688D}.Debug|x64.Build.0 = Debug|Any CPU
		{F75E54F1-CFE8-445F-A7A0-6DCB6BE1688D}.Debug|x86.ActiveCfg = Debug|Any CPU
		{F75E54F1-CFE8-445F-A7A0-6DCB6BE1688D}.Debug|x86.Build.0 = Debug|Any CPU
		{F75E54F1-CFE8-445F-A7A0-6DCB6BE1688D}.Release|Any CPU.ActiveCfg = Release|Any CPU
		{F75E54F1-CFE8-445F-A7A0-6DCB6BE1688D}.Release|Any CPU.Build.0 = Release|Any CPU
		{F75E54F1-CFE8-445F-A7A0-6DCB6BE1688D}.Release|ARM.ActiveCfg = Release|Any CPU
		{F75E54F1-CFE8-445F-A7A0-6DCB6BE1688D}.Release|ARM.Build.0 = Release|Any CPU
		{F75E54F1-CFE8-445F-A7A0-6DCB6BE1688D}.Release|Mixed Platforms.ActiveCfg = Release|Any CPU
		{F75E54F1-CFE8-445F-A7A0-6DCB6BE1688D}.Release|Mixed Platforms.Build.0 = Release|Any CPU
		{F75E54F1-CFE8-445F-A7A0-6DCB6BE1688D}.Release|Win32.ActiveCfg = Release|Any CPU
		{F75E54F1-CFE8-445F-A7A0-6DCB6BE1688D}.Release|Win32.Build.0 = Release|Any CPU
		{F75E54F1-CFE8-445F-A7A0-6DCB6BE1688D}.Release|x64.ActiveCfg = Release|Any CPU
		{F75E54F1-CFE8-445F-A7A0-6DCB6BE1688D}.Release|x64.Build.0 = Release|Any CPU
		{F75E54F1-CFE8-445F-A7A0-6DCB6BE1688D}.Release|x86.ActiveCfg = Release|Any CPU
		{F75E54F1-CFE8-445F-A7A0-6DCB6BE1688D}.Release|x86.Build.0 = Release|Any CPU
		{E3EF8256-FA83-4E26-82A6-87126930821A}.Debug|Any CPU.ActiveCfg = Debug|Any CPU
		{E3EF8256-FA83-4E26-82A6-87126930821A}.Debug|Any CPU.Build.0 = Debug|Any CPU
		{E3EF8256-FA83-4E26-82A6-87126930821A}.Debug|ARM.ActiveCfg = Debug|Any CPU
		{E3EF8256-FA83-4E26-82A6-87126930821A}.Debug|ARM.Build.0 = Debug|Any CPU
		{E3EF8256-FA83-4E26-82A6-87126930821A}.Debug|Mixed Platforms.ActiveCfg = Debug|Any CPU
		{E3EF8256-FA83-4E26-82A6-87126930821A}.Debug|Mixed Platforms.Build.0 = Debug|Any CPU
		{E3EF8256-FA83-4E26-82A6-87126930821A}.Debug|Win32.ActiveCfg = Debug|Any CPU
		{E3EF8256-FA83-4E26-82A6-87126930821A}.Debug|Win32.Build.0 = Debug|Any CPU
		{E3EF8256-FA83-4E26-82A6-87126930821A}.Debug|x64.ActiveCfg = Debug|Any CPU
		{E3EF8256-FA83-4E26-82A6-87126930821A}.Debug|x64.Build.0 = Debug|Any CPU
		{E3EF8256-FA83-4E26-82A6-87126930821A}.Debug|x86.ActiveCfg = Debug|Any CPU
		{E3EF8256-FA83-4E26-82A6-87126930821A}.Debug|x86.Build.0 = Debug|Any CPU
		{E3EF8256-FA83-4E26-82A6-87126930821A}.Release|Any CPU.ActiveCfg = Release|Any CPU
		{E3EF8256-FA83-4E26-82A6-87126930821A}.Release|Any CPU.Build.0 = Release|Any CPU
		{E3EF8256-FA83-4E26-82A6-87126930821A}.Release|ARM.ActiveCfg = Release|Any CPU
		{E3EF8256-FA83-4E26-82A6-87126930821A}.Release|ARM.Build.0 = Release|Any CPU
		{E3EF8256-FA83-4E26-82A6-87126930821A}.Release|Mixed Platforms.ActiveCfg = Release|Any CPU
		{E3EF8256-FA83-4E26-82A6-87126930821A}.Release|Mixed Platforms.Build.0 = Release|Any CPU
		{E3EF8256-FA83-4E26-82A6-87126930821A}.Release|Win32.ActiveCfg = Release|Any CPU
		{E3EF8256-FA83-4E26-82A6-87126930821A}.Release|Win32.Build.0 = Release|Any CPU
		{E3EF8256-FA83-4E26-82A6-87126930821A}.Release|x64.ActiveCfg = Release|Any CPU
		{E3EF8256-FA83-4E26-82A6-87126930821A}.Release|x64.Build.0 = Release|Any CPU
		{E3EF8256-FA83-4E26-82A6-87126930821A}.Release|x86.ActiveCfg = Release|Any CPU
		{E3EF8256-FA83-4E26-82A6-87126930821A}.Release|x86.Build.0 = Release|Any CPU
		{DB0800FE-11D8-4AE9-8830-5E4090054A67}.Debug|Any CPU.ActiveCfg = Debug|Any CPU
		{DB0800FE-11D8-4AE9-8830-5E4090054A67}.Debug|Any CPU.Build.0 = Debug|Any CPU
		{DB0800FE-11D8-4AE9-8830-5E4090054A67}.Debug|ARM.ActiveCfg = Debug|Any CPU
		{DB0800FE-11D8-4AE9-8830-5E4090054A67}.Debug|ARM.Build.0 = Debug|Any CPU
		{DB0800FE-11D8-4AE9-8830-5E4090054A67}.Debug|Mixed Platforms.ActiveCfg = Debug|Any CPU
		{DB0800FE-11D8-4AE9-8830-5E4090054A67}.Debug|Mixed Platforms.Build.0 = Debug|Any CPU
		{DB0800FE-11D8-4AE9-8830-5E4090054A67}.Debug|Win32.ActiveCfg = Debug|Any CPU
		{DB0800FE-11D8-4AE9-8830-5E4090054A67}.Debug|Win32.Build.0 = Debug|Any CPU
		{DB0800FE-11D8-4AE9-8830-5E4090054A67}.Debug|x64.ActiveCfg = Debug|Any CPU
		{DB0800FE-11D8-4AE9-8830-5E4090054A67}.Debug|x64.Build.0 = Debug|Any CPU
		{DB0800FE-11D8-4AE9-8830-5E4090054A67}.Debug|x86.ActiveCfg = Debug|Any CPU
		{DB0800FE-11D8-4AE9-8830-5E4090054A67}.Debug|x86.Build.0 = Debug|Any CPU
		{DB0800FE-11D8-4AE9-8830-5E4090054A67}.Release|Any CPU.ActiveCfg = Release|Any CPU
		{DB0800FE-11D8-4AE9-8830-5E4090054A67}.Release|Any CPU.Build.0 = Release|Any CPU
		{DB0800FE-11D8-4AE9-8830-5E4090054A67}.Release|ARM.ActiveCfg = Release|Any CPU
		{DB0800FE-11D8-4AE9-8830-5E4090054A67}.Release|ARM.Build.0 = Release|Any CPU
		{DB0800FE-11D8-4AE9-8830-5E4090054A67}.Release|Mixed Platforms.ActiveCfg = Release|Any CPU
		{DB0800FE-11D8-4AE9-8830-5E4090054A67}.Release|Mixed Platforms.Build.0 = Release|Any CPU
		{DB0800FE-11D8-4AE9-8830-5E4090054A67}.Release|Win32.ActiveCfg = Release|Any CPU
		{DB0800FE-11D8-4AE9-8830-5E4090054A67}.Release|Win32.Build.0 = Release|Any CPU
		{DB0800FE-11D8-4AE9-8830-5E4090054A67}.Release|x64.ActiveCfg = Release|Any CPU
		{DB0800FE-11D8-4AE9-8830-5E4090054A67}.Release|x64.Build.0 = Release|Any CPU
		{DB0800FE-11D8-4AE9-8830-5E4090054A67}.Release|x86.ActiveCfg = Release|Any CPU
		{DB0800FE-11D8-4AE9-8830-5E4090054A67}.Release|x86.Build.0 = Release|Any CPU
		{78EF59D4-D9FB-4CCD-85F7-9082EFF29B70}.Debug|Any CPU.ActiveCfg = Debug|Any CPU
		{78EF59D4-D9FB-4CCD-85F7-9082EFF29B70}.Debug|Any CPU.Build.0 = Debug|Any CPU
		{78EF59D4-D9FB-4CCD-85F7-9082EFF29B70}.Debug|ARM.ActiveCfg = Debug|Any CPU
		{78EF59D4-D9FB-4CCD-85F7-9082EFF29B70}.Debug|ARM.Build.0 = Debug|Any CPU
		{78EF59D4-D9FB-4CCD-85F7-9082EFF29B70}.Debug|Mixed Platforms.ActiveCfg = Debug|Any CPU
		{78EF59D4-D9FB-4CCD-85F7-9082EFF29B70}.Debug|Mixed Platforms.Build.0 = Debug|Any CPU
		{78EF59D4-D9FB-4CCD-85F7-9082EFF29B70}.Debug|Win32.ActiveCfg = Debug|Any CPU
		{78EF59D4-D9FB-4CCD-85F7-9082EFF29B70}.Debug|Win32.Build.0 = Debug|Any CPU
		{78EF59D4-D9FB-4CCD-85F7-9082EFF29B70}.Debug|x64.ActiveCfg = Debug|Any CPU
		{78EF59D4-D9FB-4CCD-85F7-9082EFF29B70}.Debug|x64.Build.0 = Debug|Any CPU
		{78EF59D4-D9FB-4CCD-85F7-9082EFF29B70}.Debug|x86.ActiveCfg = Debug|Any CPU
		{78EF59D4-D9FB-4CCD-85F7-9082EFF29B70}.Debug|x86.Build.0 = Debug|Any CPU
		{78EF59D4-D9FB-4CCD-85F7-9082EFF29B70}.Release|Any CPU.ActiveCfg = Release|Any CPU
		{78EF59D4-D9FB-4CCD-85F7-9082EFF29B70}.Release|Any CPU.Build.0 = Release|Any CPU
		{78EF59D4-D9FB-4CCD-85F7-9082EFF29B70}.Release|ARM.ActiveCfg = Release|Any CPU
		{78EF59D4-D9FB-4CCD-85F7-9082EFF29B70}.Release|ARM.Build.0 = Release|Any CPU
		{78EF59D4-D9FB-4CCD-85F7-9082EFF29B70}.Release|Mixed Platforms.ActiveCfg = Release|Any CPU
		{78EF59D4-D9FB-4CCD-85F7-9082EFF29B70}.Release|Mixed Platforms.Build.0 = Release|Any CPU
		{78EF59D4-D9FB-4CCD-85F7-9082EFF29B70}.Release|Win32.ActiveCfg = Release|Any CPU
		{78EF59D4-D9FB-4CCD-85F7-9082EFF29B70}.Release|Win32.Build.0 = Release|Any CPU
		{78EF59D4-D9FB-4CCD-85F7-9082EFF29B70}.Release|x64.ActiveCfg = Release|Any CPU
		{78EF59D4-D9FB-4CCD-85F7-9082EFF29B70}.Release|x64.Build.0 = Release|Any CPU
		{78EF59D4-D9FB-4CCD-85F7-9082EFF29B70}.Release|x86.ActiveCfg = Release|Any CPU
		{78EF59D4-D9FB-4CCD-85F7-9082EFF29B70}.Release|x86.Build.0 = Release|Any CPU
		{677D4AAA-F1F8-4075-820A-40678F472B45}.Debug|Any CPU.ActiveCfg = Debug|Any CPU
		{677D4AAA-F1F8-4075-820A-40678F472B45}.Debug|Any CPU.Build.0 = Debug|Any CPU
		{677D4AAA-F1F8-4075-820A-40678F472B45}.Debug|ARM.ActiveCfg = Debug|Any CPU
		{677D4AAA-F1F8-4075-820A-40678F472B45}.Debug|ARM.Build.0 = Debug|Any CPU
		{677D4AAA-F1F8-4075-820A-40678F472B45}.Debug|Mixed Platforms.ActiveCfg = Debug|Any CPU
		{677D4AAA-F1F8-4075-820A-40678F472B45}.Debug|Mixed Platforms.Build.0 = Debug|Any CPU
		{677D4AAA-F1F8-4075-820A-40678F472B45}.Debug|Win32.ActiveCfg = Debug|Any CPU
		{677D4AAA-F1F8-4075-820A-40678F472B45}.Debug|Win32.Build.0 = Debug|Any CPU
		{677D4AAA-F1F8-4075-820A-40678F472B45}.Debug|x64.ActiveCfg = Debug|Any CPU
		{677D4AAA-F1F8-4075-820A-40678F472B45}.Debug|x64.Build.0 = Debug|Any CPU
		{677D4AAA-F1F8-4075-820A-40678F472B45}.Debug|x86.ActiveCfg = Debug|Any CPU
		{677D4AAA-F1F8-4075-820A-40678F472B45}.Debug|x86.Build.0 = Debug|Any CPU
		{677D4AAA-F1F8-4075-820A-40678F472B45}.Release|Any CPU.ActiveCfg = Release|Any CPU
		{677D4AAA-F1F8-4075-820A-40678F472B45}.Release|Any CPU.Build.0 = Release|Any CPU
		{677D4AAA-F1F8-4075-820A-40678F472B45}.Release|ARM.ActiveCfg = Release|Any CPU
		{677D4AAA-F1F8-4075-820A-40678F472B45}.Release|ARM.Build.0 = Release|Any CPU
		{677D4AAA-F1F8-4075-820A-40678F472B45}.Release|Mixed Platforms.ActiveCfg = Release|Any CPU
		{677D4AAA-F1F8-4075-820A-40678F472B45}.Release|Mixed Platforms.Build.0 = Release|Any CPU
		{677D4AAA-F1F8-4075-820A-40678F472B45}.Release|Win32.ActiveCfg = Release|Any CPU
		{677D4AAA-F1F8-4075-820A-40678F472B45}.Release|Win32.Build.0 = Release|Any CPU
		{677D4AAA-F1F8-4075-820A-40678F472B45}.Release|x64.ActiveCfg = Release|Any CPU
		{677D4AAA-F1F8-4075-820A-40678F472B45}.Release|x64.Build.0 = Release|Any CPU
		{677D4AAA-F1F8-4075-820A-40678F472B45}.Release|x86.ActiveCfg = Release|Any CPU
		{677D4AAA-F1F8-4075-820A-40678F472B45}.Release|x86.Build.0 = Release|Any CPU
		{58007EA9-4768-4EE5-8EF5-73C0F2E923F6}.Debug|Any CPU.ActiveCfg = Debug|Any CPU
		{58007EA9-4768-4EE5-8EF5-73C0F2E923F6}.Debug|Any CPU.Build.0 = Debug|Any CPU
		{58007EA9-4768-4EE5-8EF5-73C0F2E923F6}.Debug|ARM.ActiveCfg = Debug|Any CPU
		{58007EA9-4768-4EE5-8EF5-73C0F2E923F6}.Debug|ARM.Build.0 = Debug|Any CPU
		{58007EA9-4768-4EE5-8EF5-73C0F2E923F6}.Debug|Mixed Platforms.ActiveCfg = Debug|Any CPU
		{58007EA9-4768-4EE5-8EF5-73C0F2E923F6}.Debug|Mixed Platforms.Build.0 = Debug|Any CPU
		{58007EA9-4768-4EE5-8EF5-73C0F2E923F6}.Debug|Win32.ActiveCfg = Debug|Any CPU
		{58007EA9-4768-4EE5-8EF5-73C0F2E923F6}.Debug|Win32.Build.0 = Debug|Any CPU
		{58007EA9-4768-4EE5-8EF5-73C0F2E923F6}.Debug|x64.ActiveCfg = Debug|Any CPU
		{58007EA9-4768-4EE5-8EF5-73C0F2E923F6}.Debug|x64.Build.0 = Debug|Any CPU
		{58007EA9-4768-4EE5-8EF5-73C0F2E923F6}.Debug|x86.ActiveCfg = Debug|Any CPU
		{58007EA9-4768-4EE5-8EF5-73C0F2E923F6}.Debug|x86.Build.0 = Debug|Any CPU
		{58007EA9-4768-4EE5-8EF5-73C0F2E923F6}.Release|Any CPU.ActiveCfg = Release|Any CPU
		{58007EA9-4768-4EE5-8EF5-73C0F2E923F6}.Release|Any CPU.Build.0 = Release|Any CPU
		{58007EA9-4768-4EE5-8EF5-73C0F2E923F6}.Release|ARM.ActiveCfg = Release|Any CPU
		{58007EA9-4768-4EE5-8EF5-73C0F2E923F6}.Release|ARM.Build.0 = Release|Any CPU
		{58007EA9-4768-4EE5-8EF5-73C0F2E923F6}.Release|Mixed Platforms.ActiveCfg = Release|Any CPU
		{58007EA9-4768-4EE5-8EF5-73C0F2E923F6}.Release|Mixed Platforms.Build.0 = Release|Any CPU
		{58007EA9-4768-4EE5-8EF5-73C0F2E923F6}.Release|Win32.ActiveCfg = Release|Any CPU
		{58007EA9-4768-4EE5-8EF5-73C0F2E923F6}.Release|Win32.Build.0 = Release|Any CPU
		{58007EA9-4768-4EE5-8EF5-73C0F2E923F6}.Release|x64.ActiveCfg = Release|Any CPU
		{58007EA9-4768-4EE5-8EF5-73C0F2E923F6}.Release|x64.Build.0 = Release|Any CPU
		{58007EA9-4768-4EE5-8EF5-73C0F2E923F6}.Release|x86.ActiveCfg = Release|Any CPU
		{58007EA9-4768-4EE5-8EF5-73C0F2E923F6}.Release|x86.Build.0 = Release|Any CPU
		{D93D8102-4E55-469A-93B6-2B118B236253}.Debug|Any CPU.ActiveCfg = Debug|Any CPU
		{D93D8102-4E55-469A-93B6-2B118B236253}.Debug|Any CPU.Build.0 = Debug|Any CPU
		{D93D8102-4E55-469A-93B6-2B118B236253}.Debug|ARM.ActiveCfg = Debug|Any CPU
		{D93D8102-4E55-469A-93B6-2B118B236253}.Debug|ARM.Build.0 = Debug|Any CPU
		{D93D8102-4E55-469A-93B6-2B118B236253}.Debug|Mixed Platforms.ActiveCfg = Debug|Any CPU
		{D93D8102-4E55-469A-93B6-2B118B236253}.Debug|Mixed Platforms.Build.0 = Debug|Any CPU
		{D93D8102-4E55-469A-93B6-2B118B236253}.Debug|Win32.ActiveCfg = Debug|Any CPU
		{D93D8102-4E55-469A-93B6-2B118B236253}.Debug|Win32.Build.0 = Debug|Any CPU
		{D93D8102-4E55-469A-93B6-2B118B236253}.Debug|x64.ActiveCfg = Debug|Any CPU
		{D93D8102-4E55-469A-93B6-2B118B236253}.Debug|x64.Build.0 = Debug|Any CPU
		{D93D8102-4E55-469A-93B6-2B118B236253}.Debug|x86.ActiveCfg = Debug|Any CPU
		{D93D8102-4E55-469A-93B6-2B118B236253}.Debug|x86.Build.0 = Debug|Any CPU
		{D93D8102-4E55-469A-93B6-2B118B236253}.Release|Any CPU.ActiveCfg = Release|Any CPU
		{D93D8102-4E55-469A-93B6-2B118B236253}.Release|Any CPU.Build.0 = Release|Any CPU
		{D93D8102-4E55-469A-93B6-2B118B236253}.Release|ARM.ActiveCfg = Release|Any CPU
		{D93D8102-4E55-469A-93B6-2B118B236253}.Release|ARM.Build.0 = Release|Any CPU
		{D93D8102-4E55-469A-93B6-2B118B236253}.Release|Mixed Platforms.ActiveCfg = Release|Any CPU
		{D93D8102-4E55-469A-93B6-2B118B236253}.Release|Mixed Platforms.Build.0 = Release|Any CPU
		{D93D8102-4E55-469A-93B6-2B118B236253}.Release|Win32.ActiveCfg = Release|Any CPU
		{D93D8102-4E55-469A-93B6-2B118B236253}.Release|Win32.Build.0 = Release|Any CPU
		{D93D8102-4E55-469A-93B6-2B118B236253}.Release|x64.ActiveCfg = Release|Any CPU
		{D93D8102-4E55-469A-93B6-2B118B236253}.Release|x64.Build.0 = Release|Any CPU
		{D93D8102-4E55-469A-93B6-2B118B236253}.Release|x86.ActiveCfg = Release|Any CPU
		{D93D8102-4E55-469A-93B6-2B118B236253}.Release|x86.Build.0 = Release|Any CPU
		{066559CC-07EA-4964-A2C7-3D1FF0B4509C}.Debug|Any CPU.ActiveCfg = Debug|Any CPU
		{066559CC-07EA-4964-A2C7-3D1FF0B4509C}.Debug|Any CPU.Build.0 = Debug|Any CPU
		{066559CC-07EA-4964-A2C7-3D1FF0B4509C}.Debug|ARM.ActiveCfg = Debug|Any CPU
		{066559CC-07EA-4964-A2C7-3D1FF0B4509C}.Debug|ARM.Build.0 = Debug|Any CPU
		{066559CC-07EA-4964-A2C7-3D1FF0B4509C}.Debug|Mixed Platforms.ActiveCfg = Debug|Any CPU
		{066559CC-07EA-4964-A2C7-3D1FF0B4509C}.Debug|Mixed Platforms.Build.0 = Debug|Any CPU
		{066559CC-07EA-4964-A2C7-3D1FF0B4509C}.Debug|Win32.ActiveCfg = Debug|Any CPU
		{066559CC-07EA-4964-A2C7-3D1FF0B4509C}.Debug|Win32.Build.0 = Debug|Any CPU
		{066559CC-07EA-4964-A2C7-3D1FF0B4509C}.Debug|x64.ActiveCfg = Debug|Any CPU
		{066559CC-07EA-4964-A2C7-3D1FF0B4509C}.Debug|x64.Build.0 = Debug|Any CPU
		{066559CC-07EA-4964-A2C7-3D1FF0B4509C}.Debug|x86.ActiveCfg = Debug|Any CPU
		{066559CC-07EA-4964-A2C7-3D1FF0B4509C}.Debug|x86.Build.0 = Debug|Any CPU
		{066559CC-07EA-4964-A2C7-3D1FF0B4509C}.Release|Any CPU.ActiveCfg = Release|Any CPU
		{066559CC-07EA-4964-A2C7-3D1FF0B4509C}.Release|Any CPU.Build.0 = Release|Any CPU
		{066559CC-07EA-4964-A2C7-3D1FF0B4509C}.Release|ARM.ActiveCfg = Release|Any CPU
		{066559CC-07EA-4964-A2C7-3D1FF0B4509C}.Release|ARM.Build.0 = Release|Any CPU
		{066559CC-07EA-4964-A2C7-3D1FF0B4509C}.Release|Mixed Platforms.ActiveCfg = Release|Any CPU
		{066559CC-07EA-4964-A2C7-3D1FF0B4509C}.Release|Mixed Platforms.Build.0 = Release|Any CPU
		{066559CC-07EA-4964-A2C7-3D1FF0B4509C}.Release|Win32.ActiveCfg = Release|Any CPU
		{066559CC-07EA-4964-A2C7-3D1FF0B4509C}.Release|Win32.Build.0 = Release|Any CPU
		{066559CC-07EA-4964-A2C7-3D1FF0B4509C}.Release|x64.ActiveCfg = Release|Any CPU
		{066559CC-07EA-4964-A2C7-3D1FF0B4509C}.Release|x64.Build.0 = Release|Any CPU
		{066559CC-07EA-4964-A2C7-3D1FF0B4509C}.Release|x86.ActiveCfg = Release|Any CPU
		{066559CC-07EA-4964-A2C7-3D1FF0B4509C}.Release|x86.Build.0 = Release|Any CPU
		{8EA0C0E0-8A36-4F8D-A2A0-2644AFC1BE72}.Debug|Any CPU.ActiveCfg = Debug|Any CPU
		{8EA0C0E0-8A36-4F8D-A2A0-2644AFC1BE72}.Debug|Any CPU.Build.0 = Debug|Any CPU
		{8EA0C0E0-8A36-4F8D-A2A0-2644AFC1BE72}.Debug|ARM.ActiveCfg = Debug|Any CPU
		{8EA0C0E0-8A36-4F8D-A2A0-2644AFC1BE72}.Debug|ARM.Build.0 = Debug|Any CPU
		{8EA0C0E0-8A36-4F8D-A2A0-2644AFC1BE72}.Debug|Mixed Platforms.ActiveCfg = Debug|Any CPU
		{8EA0C0E0-8A36-4F8D-A2A0-2644AFC1BE72}.Debug|Mixed Platforms.Build.0 = Debug|Any CPU
		{8EA0C0E0-8A36-4F8D-A2A0-2644AFC1BE72}.Debug|Win32.ActiveCfg = Debug|Any CPU
		{8EA0C0E0-8A36-4F8D-A2A0-2644AFC1BE72}.Debug|Win32.Build.0 = Debug|Any CPU
		{8EA0C0E0-8A36-4F8D-A2A0-2644AFC1BE72}.Debug|x64.ActiveCfg = Debug|Any CPU
		{8EA0C0E0-8A36-4F8D-A2A0-2644AFC1BE72}.Debug|x64.Build.0 = Debug|Any CPU
		{8EA0C0E0-8A36-4F8D-A2A0-2644AFC1BE72}.Debug|x86.ActiveCfg = Debug|Any CPU
		{8EA0C0E0-8A36-4F8D-A2A0-2644AFC1BE72}.Debug|x86.Build.0 = Debug|Any CPU
		{8EA0C0E0-8A36-4F8D-A2A0-2644AFC1BE72}.Release|Any CPU.ActiveCfg = Release|Any CPU
		{8EA0C0E0-8A36-4F8D-A2A0-2644AFC1BE72}.Release|Any CPU.Build.0 = Release|Any CPU
		{8EA0C0E0-8A36-4F8D-A2A0-2644AFC1BE72}.Release|ARM.ActiveCfg = Release|Any CPU
		{8EA0C0E0-8A36-4F8D-A2A0-2644AFC1BE72}.Release|ARM.Build.0 = Release|Any CPU
		{8EA0C0E0-8A36-4F8D-A2A0-2644AFC1BE72}.Release|Mixed Platforms.ActiveCfg = Release|Any CPU
		{8EA0C0E0-8A36-4F8D-A2A0-2644AFC1BE72}.Release|Mixed Platforms.Build.0 = Release|Any CPU
		{8EA0C0E0-8A36-4F8D-A2A0-2644AFC1BE72}.Release|Win32.ActiveCfg = Release|Any CPU
		{8EA0C0E0-8A36-4F8D-A2A0-2644AFC1BE72}.Release|Win32.Build.0 = Release|Any CPU
		{8EA0C0E0-8A36-4F8D-A2A0-2644AFC1BE72}.Release|x64.ActiveCfg = Release|Any CPU
		{8EA0C0E0-8A36-4F8D-A2A0-2644AFC1BE72}.Release|x64.Build.0 = Release|Any CPU
		{8EA0C0E0-8A36-4F8D-A2A0-2644AFC1BE72}.Release|x86.ActiveCfg = Release|Any CPU
		{8EA0C0E0-8A36-4F8D-A2A0-2644AFC1BE72}.Release|x86.Build.0 = Release|Any CPU
		{D55DDBA4-838C-4D93-9B9D-0547C5AB43B0}.Debug|Any CPU.ActiveCfg = Debug|Any CPU
		{D55DDBA4-838C-4D93-9B9D-0547C5AB43B0}.Debug|Any CPU.Build.0 = Debug|Any CPU
		{D55DDBA4-838C-4D93-9B9D-0547C5AB43B0}.Debug|ARM.ActiveCfg = Debug|Any CPU
		{D55DDBA4-838C-4D93-9B9D-0547C5AB43B0}.Debug|ARM.Build.0 = Debug|Any CPU
		{D55DDBA4-838C-4D93-9B9D-0547C5AB43B0}.Debug|Mixed Platforms.ActiveCfg = Debug|Any CPU
		{D55DDBA4-838C-4D93-9B9D-0547C5AB43B0}.Debug|Mixed Platforms.Build.0 = Debug|Any CPU
		{D55DDBA4-838C-4D93-9B9D-0547C5AB43B0}.Debug|Win32.ActiveCfg = Debug|Any CPU
		{D55DDBA4-838C-4D93-9B9D-0547C5AB43B0}.Debug|Win32.Build.0 = Debug|Any CPU
		{D55DDBA4-838C-4D93-9B9D-0547C5AB43B0}.Debug|x64.ActiveCfg = Debug|Any CPU
		{D55DDBA4-838C-4D93-9B9D-0547C5AB43B0}.Debug|x64.Build.0 = Debug|Any CPU
		{D55DDBA4-838C-4D93-9B9D-0547C5AB43B0}.Debug|x86.ActiveCfg = Debug|Any CPU
		{D55DDBA4-838C-4D93-9B9D-0547C5AB43B0}.Debug|x86.Build.0 = Debug|Any CPU
		{D55DDBA4-838C-4D93-9B9D-0547C5AB43B0}.Release|Any CPU.ActiveCfg = Release|Any CPU
		{D55DDBA4-838C-4D93-9B9D-0547C5AB43B0}.Release|Any CPU.Build.0 = Release|Any CPU
		{D55DDBA4-838C-4D93-9B9D-0547C5AB43B0}.Release|ARM.ActiveCfg = Release|Any CPU
		{D55DDBA4-838C-4D93-9B9D-0547C5AB43B0}.Release|ARM.Build.0 = Release|Any CPU
		{D55DDBA4-838C-4D93-9B9D-0547C5AB43B0}.Release|Mixed Platforms.ActiveCfg = Release|Any CPU
		{D55DDBA4-838C-4D93-9B9D-0547C5AB43B0}.Release|Mixed Platforms.Build.0 = Release|Any CPU
		{D55DDBA4-838C-4D93-9B9D-0547C5AB43B0}.Release|Win32.ActiveCfg = Release|Any CPU
		{D55DDBA4-838C-4D93-9B9D-0547C5AB43B0}.Release|Win32.Build.0 = Release|Any CPU
		{D55DDBA4-838C-4D93-9B9D-0547C5AB43B0}.Release|x64.ActiveCfg = Release|Any CPU
		{D55DDBA4-838C-4D93-9B9D-0547C5AB43B0}.Release|x64.Build.0 = Release|Any CPU
		{D55DDBA4-838C-4D93-9B9D-0547C5AB43B0}.Release|x86.ActiveCfg = Release|Any CPU
		{D55DDBA4-838C-4D93-9B9D-0547C5AB43B0}.Release|x86.Build.0 = Release|Any CPU
		{6A11E195-880A-48C5-BA6A-6276DA0DE85D}.Debug|Any CPU.ActiveCfg = Debug|Any CPU
		{6A11E195-880A-48C5-BA6A-6276DA0DE85D}.Debug|Any CPU.Build.0 = Debug|Any CPU
		{6A11E195-880A-48C5-BA6A-6276DA0DE85D}.Debug|ARM.ActiveCfg = Debug|Any CPU
		{6A11E195-880A-48C5-BA6A-6276DA0DE85D}.Debug|ARM.Build.0 = Debug|Any CPU
		{6A11E195-880A-48C5-BA6A-6276DA0DE85D}.Debug|Mixed Platforms.ActiveCfg = Debug|Any CPU
		{6A11E195-880A-48C5-BA6A-6276DA0DE85D}.Debug|Mixed Platforms.Build.0 = Debug|Any CPU
		{6A11E195-880A-48C5-BA6A-6276DA0DE85D}.Debug|Win32.ActiveCfg = Debug|Any CPU
		{6A11E195-880A-48C5-BA6A-6276DA0DE85D}.Debug|Win32.Build.0 = Debug|Any CPU
		{6A11E195-880A-48C5-BA6A-6276DA0DE85D}.Debug|x64.ActiveCfg = Debug|Any CPU
		{6A11E195-880A-48C5-BA6A-6276DA0DE85D}.Debug|x64.Build.0 = Debug|Any CPU
		{6A11E195-880A-48C5-BA6A-6276DA0DE85D}.Debug|x86.ActiveCfg = Debug|Any CPU
		{6A11E195-880A-48C5-BA6A-6276DA0DE85D}.Debug|x86.Build.0 = Debug|Any CPU
		{6A11E195-880A-48C5-BA6A-6276DA0DE85D}.Release|Any CPU.ActiveCfg = Release|Any CPU
		{6A11E195-880A-48C5-BA6A-6276DA0DE85D}.Release|Any CPU.Build.0 = Release|Any CPU
		{6A11E195-880A-48C5-BA6A-6276DA0DE85D}.Release|ARM.ActiveCfg = Release|Any CPU
		{6A11E195-880A-48C5-BA6A-6276DA0DE85D}.Release|ARM.Build.0 = Release|Any CPU
		{6A11E195-880A-48C5-BA6A-6276DA0DE85D}.Release|Mixed Platforms.ActiveCfg = Release|Any CPU
		{6A11E195-880A-48C5-BA6A-6276DA0DE85D}.Release|Mixed Platforms.Build.0 = Release|Any CPU
		{6A11E195-880A-48C5-BA6A-6276DA0DE85D}.Release|Win32.ActiveCfg = Release|Any CPU
		{6A11E195-880A-48C5-BA6A-6276DA0DE85D}.Release|Win32.Build.0 = Release|Any CPU
		{6A11E195-880A-48C5-BA6A-6276DA0DE85D}.Release|x64.ActiveCfg = Release|Any CPU
		{6A11E195-880A-48C5-BA6A-6276DA0DE85D}.Release|x64.Build.0 = Release|Any CPU
		{6A11E195-880A-48C5-BA6A-6276DA0DE85D}.Release|x86.ActiveCfg = Release|Any CPU
		{6A11E195-880A-48C5-BA6A-6276DA0DE85D}.Release|x86.Build.0 = Release|Any CPU
		{0AEC01F6-A73F-4879-A342-DF5416FF0360}.Debug|Any CPU.ActiveCfg = Debug|Any CPU
		{0AEC01F6-A73F-4879-A342-DF5416FF0360}.Debug|Any CPU.Build.0 = Debug|Any CPU
		{0AEC01F6-A73F-4879-A342-DF5416FF0360}.Debug|ARM.ActiveCfg = Debug|Any CPU
		{0AEC01F6-A73F-4879-A342-DF5416FF0360}.Debug|ARM.Build.0 = Debug|Any CPU
		{0AEC01F6-A73F-4879-A342-DF5416FF0360}.Debug|Mixed Platforms.ActiveCfg = Debug|Any CPU
		{0AEC01F6-A73F-4879-A342-DF5416FF0360}.Debug|Mixed Platforms.Build.0 = Debug|Any CPU
		{0AEC01F6-A73F-4879-A342-DF5416FF0360}.Debug|Win32.ActiveCfg = Debug|Any CPU
		{0AEC01F6-A73F-4879-A342-DF5416FF0360}.Debug|Win32.Build.0 = Debug|Any CPU
		{0AEC01F6-A73F-4879-A342-DF5416FF0360}.Debug|x64.ActiveCfg = Debug|Any CPU
		{0AEC01F6-A73F-4879-A342-DF5416FF0360}.Debug|x64.Build.0 = Debug|Any CPU
		{0AEC01F6-A73F-4879-A342-DF5416FF0360}.Debug|x86.ActiveCfg = Debug|Any CPU
		{0AEC01F6-A73F-4879-A342-DF5416FF0360}.Debug|x86.Build.0 = Debug|Any CPU
		{0AEC01F6-A73F-4879-A342-DF5416FF0360}.Release|Any CPU.ActiveCfg = Release|Any CPU
		{0AEC01F6-A73F-4879-A342-DF5416FF0360}.Release|Any CPU.Build.0 = Release|Any CPU
		{0AEC01F6-A73F-4879-A342-DF5416FF0360}.Release|ARM.ActiveCfg = Release|Any CPU
		{0AEC01F6-A73F-4879-A342-DF5416FF0360}.Release|ARM.Build.0 = Release|Any CPU
		{0AEC01F6-A73F-4879-A342-DF5416FF0360}.Release|Mixed Platforms.ActiveCfg = Release|Any CPU
		{0AEC01F6-A73F-4879-A342-DF5416FF0360}.Release|Mixed Platforms.Build.0 = Release|Any CPU
		{0AEC01F6-A73F-4879-A342-DF5416FF0360}.Release|Win32.ActiveCfg = Release|Any CPU
		{0AEC01F6-A73F-4879-A342-DF5416FF0360}.Release|Win32.Build.0 = Release|Any CPU
		{0AEC01F6-A73F-4879-A342-DF5416FF0360}.Release|x64.ActiveCfg = Release|Any CPU
		{0AEC01F6-A73F-4879-A342-DF5416FF0360}.Release|x64.Build.0 = Release|Any CPU
		{0AEC01F6-A73F-4879-A342-DF5416FF0360}.Release|x86.ActiveCfg = Release|Any CPU
		{0AEC01F6-A73F-4879-A342-DF5416FF0360}.Release|x86.Build.0 = Release|Any CPU
		{F2DB494E-1746-465E-B2A9-8748069A1DDA}.Debug|Any CPU.ActiveCfg = Debug|Any CPU
		{F2DB494E-1746-465E-B2A9-8748069A1DDA}.Debug|Any CPU.Build.0 = Debug|Any CPU
		{F2DB494E-1746-465E-B2A9-8748069A1DDA}.Debug|ARM.ActiveCfg = Debug|Any CPU
		{F2DB494E-1746-465E-B2A9-8748069A1DDA}.Debug|ARM.Build.0 = Debug|Any CPU
		{F2DB494E-1746-465E-B2A9-8748069A1DDA}.Debug|Mixed Platforms.ActiveCfg = Debug|Any CPU
		{F2DB494E-1746-465E-B2A9-8748069A1DDA}.Debug|Mixed Platforms.Build.0 = Debug|Any CPU
		{F2DB494E-1746-465E-B2A9-8748069A1DDA}.Debug|Win32.ActiveCfg = Debug|Any CPU
		{F2DB494E-1746-465E-B2A9-8748069A1DDA}.Debug|Win32.Build.0 = Debug|Any CPU
		{F2DB494E-1746-465E-B2A9-8748069A1DDA}.Debug|x64.ActiveCfg = Debug|Any CPU
		{F2DB494E-1746-465E-B2A9-8748069A1DDA}.Debug|x64.Build.0 = Debug|Any CPU
		{F2DB494E-1746-465E-B2A9-8748069A1DDA}.Debug|x86.ActiveCfg = Debug|Any CPU
		{F2DB494E-1746-465E-B2A9-8748069A1DDA}.Debug|x86.Build.0 = Debug|Any CPU
		{F2DB494E-1746-465E-B2A9-8748069A1DDA}.Release|Any CPU.ActiveCfg = Release|Any CPU
		{F2DB494E-1746-465E-B2A9-8748069A1DDA}.Release|Any CPU.Build.0 = Release|Any CPU
		{F2DB494E-1746-465E-B2A9-8748069A1DDA}.Release|ARM.ActiveCfg = Release|Any CPU
		{F2DB494E-1746-465E-B2A9-8748069A1DDA}.Release|ARM.Build.0 = Release|Any CPU
		{F2DB494E-1746-465E-B2A9-8748069A1DDA}.Release|Mixed Platforms.ActiveCfg = Release|Any CPU
		{F2DB494E-1746-465E-B2A9-8748069A1DDA}.Release|Mixed Platforms.Build.0 = Release|Any CPU
		{F2DB494E-1746-465E-B2A9-8748069A1DDA}.Release|Win32.ActiveCfg = Release|Any CPU
		{F2DB494E-1746-465E-B2A9-8748069A1DDA}.Release|Win32.Build.0 = Release|Any CPU
		{F2DB494E-1746-465E-B2A9-8748069A1DDA}.Release|x64.ActiveCfg = Release|Any CPU
		{F2DB494E-1746-465E-B2A9-8748069A1DDA}.Release|x64.Build.0 = Release|Any CPU
		{F2DB494E-1746-465E-B2A9-8748069A1DDA}.Release|x86.ActiveCfg = Release|Any CPU
		{F2DB494E-1746-465E-B2A9-8748069A1DDA}.Release|x86.Build.0 = Release|Any CPU
		{76866886-E15F-42D1-8F7E-EB47BEAF598D}.Debug|Any CPU.ActiveCfg = Debug|Any CPU
		{76866886-E15F-42D1-8F7E-EB47BEAF598D}.Debug|Any CPU.Build.0 = Debug|Any CPU
		{76866886-E15F-42D1-8F7E-EB47BEAF598D}.Debug|ARM.ActiveCfg = Debug|Any CPU
		{76866886-E15F-42D1-8F7E-EB47BEAF598D}.Debug|ARM.Build.0 = Debug|Any CPU
		{76866886-E15F-42D1-8F7E-EB47BEAF598D}.Debug|Mixed Platforms.ActiveCfg = Debug|Any CPU
		{76866886-E15F-42D1-8F7E-EB47BEAF598D}.Debug|Mixed Platforms.Build.0 = Debug|Any CPU
		{76866886-E15F-42D1-8F7E-EB47BEAF598D}.Debug|Win32.ActiveCfg = Debug|Any CPU
		{76866886-E15F-42D1-8F7E-EB47BEAF598D}.Debug|Win32.Build.0 = Debug|Any CPU
		{76866886-E15F-42D1-8F7E-EB47BEAF598D}.Debug|x64.ActiveCfg = Debug|Any CPU
		{76866886-E15F-42D1-8F7E-EB47BEAF598D}.Debug|x64.Build.0 = Debug|Any CPU
		{76866886-E15F-42D1-8F7E-EB47BEAF598D}.Debug|x86.ActiveCfg = Debug|Any CPU
		{76866886-E15F-42D1-8F7E-EB47BEAF598D}.Debug|x86.Build.0 = Debug|Any CPU
		{76866886-E15F-42D1-8F7E-EB47BEAF598D}.Release|Any CPU.ActiveCfg = Release|Any CPU
		{76866886-E15F-42D1-8F7E-EB47BEAF598D}.Release|Any CPU.Build.0 = Release|Any CPU
		{76866886-E15F-42D1-8F7E-EB47BEAF598D}.Release|ARM.ActiveCfg = Release|Any CPU
		{76866886-E15F-42D1-8F7E-EB47BEAF598D}.Release|ARM.Build.0 = Release|Any CPU
		{76866886-E15F-42D1-8F7E-EB47BEAF598D}.Release|Mixed Platforms.ActiveCfg = Release|Any CPU
		{76866886-E15F-42D1-8F7E-EB47BEAF598D}.Release|Mixed Platforms.Build.0 = Release|Any CPU
		{76866886-E15F-42D1-8F7E-EB47BEAF598D}.Release|Win32.ActiveCfg = Release|Any CPU
		{76866886-E15F-42D1-8F7E-EB47BEAF598D}.Release|Win32.Build.0 = Release|Any CPU
		{76866886-E15F-42D1-8F7E-EB47BEAF598D}.Release|x64.ActiveCfg = Release|Any CPU
		{76866886-E15F-42D1-8F7E-EB47BEAF598D}.Release|x64.Build.0 = Release|Any CPU
		{76866886-E15F-42D1-8F7E-EB47BEAF598D}.Release|x86.ActiveCfg = Release|Any CPU
		{76866886-E15F-42D1-8F7E-EB47BEAF598D}.Release|x86.Build.0 = Release|Any CPU
		{18988277-4C45-4A65-9688-870DFCD043CF}.Debug|Any CPU.ActiveCfg = Debug|Any CPU
		{18988277-4C45-4A65-9688-870DFCD043CF}.Debug|Any CPU.Build.0 = Debug|Any CPU
		{18988277-4C45-4A65-9688-870DFCD043CF}.Debug|ARM.ActiveCfg = Debug|Any CPU
		{18988277-4C45-4A65-9688-870DFCD043CF}.Debug|ARM.Build.0 = Debug|Any CPU
		{18988277-4C45-4A65-9688-870DFCD043CF}.Debug|Mixed Platforms.ActiveCfg = Debug|Any CPU
		{18988277-4C45-4A65-9688-870DFCD043CF}.Debug|Mixed Platforms.Build.0 = Debug|Any CPU
		{18988277-4C45-4A65-9688-870DFCD043CF}.Debug|Win32.ActiveCfg = Debug|Any CPU
		{18988277-4C45-4A65-9688-870DFCD043CF}.Debug|Win32.Build.0 = Debug|Any CPU
		{18988277-4C45-4A65-9688-870DFCD043CF}.Debug|x64.ActiveCfg = Debug|Any CPU
		{18988277-4C45-4A65-9688-870DFCD043CF}.Debug|x64.Build.0 = Debug|Any CPU
		{18988277-4C45-4A65-9688-870DFCD043CF}.Debug|x86.ActiveCfg = Debug|Any CPU
		{18988277-4C45-4A65-9688-870DFCD043CF}.Debug|x86.Build.0 = Debug|Any CPU
		{18988277-4C45-4A65-9688-870DFCD043CF}.Release|Any CPU.ActiveCfg = Release|Any CPU
		{18988277-4C45-4A65-9688-870DFCD043CF}.Release|Any CPU.Build.0 = Release|Any CPU
		{18988277-4C45-4A65-9688-870DFCD043CF}.Release|ARM.ActiveCfg = Release|Any CPU
		{18988277-4C45-4A65-9688-870DFCD043CF}.Release|ARM.Build.0 = Release|Any CPU
		{18988277-4C45-4A65-9688-870DFCD043CF}.Release|Mixed Platforms.ActiveCfg = Release|Any CPU
		{18988277-4C45-4A65-9688-870DFCD043CF}.Release|Mixed Platforms.Build.0 = Release|Any CPU
		{18988277-4C45-4A65-9688-870DFCD043CF}.Release|Win32.ActiveCfg = Release|Any CPU
		{18988277-4C45-4A65-9688-870DFCD043CF}.Release|Win32.Build.0 = Release|Any CPU
		{18988277-4C45-4A65-9688-870DFCD043CF}.Release|x64.ActiveCfg = Release|Any CPU
		{18988277-4C45-4A65-9688-870DFCD043CF}.Release|x64.Build.0 = Release|Any CPU
		{18988277-4C45-4A65-9688-870DFCD043CF}.Release|x86.ActiveCfg = Release|Any CPU
		{18988277-4C45-4A65-9688-870DFCD043CF}.Release|x86.Build.0 = Release|Any CPU
		{F13786EB-2A4A-42CB-BD94-856B5674BBFB}.Debug|Any CPU.ActiveCfg = Debug|Any CPU
		{F13786EB-2A4A-42CB-BD94-856B5674BBFB}.Debug|Any CPU.Build.0 = Debug|Any CPU
		{F13786EB-2A4A-42CB-BD94-856B5674BBFB}.Debug|ARM.ActiveCfg = Debug|Any CPU
		{F13786EB-2A4A-42CB-BD94-856B5674BBFB}.Debug|ARM.Build.0 = Debug|Any CPU
		{F13786EB-2A4A-42CB-BD94-856B5674BBFB}.Debug|Mixed Platforms.ActiveCfg = Debug|Any CPU
		{F13786EB-2A4A-42CB-BD94-856B5674BBFB}.Debug|Mixed Platforms.Build.0 = Debug|Any CPU
		{F13786EB-2A4A-42CB-BD94-856B5674BBFB}.Debug|Win32.ActiveCfg = Debug|Any CPU
		{F13786EB-2A4A-42CB-BD94-856B5674BBFB}.Debug|Win32.Build.0 = Debug|Any CPU
		{F13786EB-2A4A-42CB-BD94-856B5674BBFB}.Debug|x64.ActiveCfg = Debug|Any CPU
		{F13786EB-2A4A-42CB-BD94-856B5674BBFB}.Debug|x64.Build.0 = Debug|Any CPU
		{F13786EB-2A4A-42CB-BD94-856B5674BBFB}.Debug|x86.ActiveCfg = Debug|Any CPU
		{F13786EB-2A4A-42CB-BD94-856B5674BBFB}.Debug|x86.Build.0 = Debug|Any CPU
		{F13786EB-2A4A-42CB-BD94-856B5674BBFB}.Release|Any CPU.ActiveCfg = Release|Any CPU
		{F13786EB-2A4A-42CB-BD94-856B5674BBFB}.Release|Any CPU.Build.0 = Release|Any CPU
		{F13786EB-2A4A-42CB-BD94-856B5674BBFB}.Release|ARM.ActiveCfg = Release|Any CPU
		{F13786EB-2A4A-42CB-BD94-856B5674BBFB}.Release|ARM.Build.0 = Release|Any CPU
		{F13786EB-2A4A-42CB-BD94-856B5674BBFB}.Release|Mixed Platforms.ActiveCfg = Release|Any CPU
		{F13786EB-2A4A-42CB-BD94-856B5674BBFB}.Release|Mixed Platforms.Build.0 = Release|Any CPU
		{F13786EB-2A4A-42CB-BD94-856B5674BBFB}.Release|Win32.ActiveCfg = Release|Any CPU
		{F13786EB-2A4A-42CB-BD94-856B5674BBFB}.Release|Win32.Build.0 = Release|Any CPU
		{F13786EB-2A4A-42CB-BD94-856B5674BBFB}.Release|x64.ActiveCfg = Release|Any CPU
		{F13786EB-2A4A-42CB-BD94-856B5674BBFB}.Release|x64.Build.0 = Release|Any CPU
		{F13786EB-2A4A-42CB-BD94-856B5674BBFB}.Release|x86.ActiveCfg = Release|Any CPU
		{F13786EB-2A4A-42CB-BD94-856B5674BBFB}.Release|x86.Build.0 = Release|Any CPU
		{7B96E817-0369-4D5A-BB27-1D7CC700F23C}.Debug|Any CPU.ActiveCfg = Debug|Any CPU
		{7B96E817-0369-4D5A-BB27-1D7CC700F23C}.Debug|Any CPU.Build.0 = Debug|Any CPU
		{7B96E817-0369-4D5A-BB27-1D7CC700F23C}.Debug|ARM.ActiveCfg = Debug|Any CPU
		{7B96E817-0369-4D5A-BB27-1D7CC700F23C}.Debug|ARM.Build.0 = Debug|Any CPU
		{7B96E817-0369-4D5A-BB27-1D7CC700F23C}.Debug|Mixed Platforms.ActiveCfg = Debug|Any CPU
		{7B96E817-0369-4D5A-BB27-1D7CC700F23C}.Debug|Mixed Platforms.Build.0 = Debug|Any CPU
		{7B96E817-0369-4D5A-BB27-1D7CC700F23C}.Debug|Win32.ActiveCfg = Debug|Any CPU
		{7B96E817-0369-4D5A-BB27-1D7CC700F23C}.Debug|Win32.Build.0 = Debug|Any CPU
		{7B96E817-0369-4D5A-BB27-1D7CC700F23C}.Debug|x64.ActiveCfg = Debug|Any CPU
		{7B96E817-0369-4D5A-BB27-1D7CC700F23C}.Debug|x64.Build.0 = Debug|Any CPU
		{7B96E817-0369-4D5A-BB27-1D7CC700F23C}.Debug|x86.ActiveCfg = Debug|Any CPU
		{7B96E817-0369-4D5A-BB27-1D7CC700F23C}.Debug|x86.Build.0 = Debug|Any CPU
		{7B96E817-0369-4D5A-BB27-1D7CC700F23C}.Release|Any CPU.ActiveCfg = Release|Any CPU
		{7B96E817-0369-4D5A-BB27-1D7CC700F23C}.Release|Any CPU.Build.0 = Release|Any CPU
		{7B96E817-0369-4D5A-BB27-1D7CC700F23C}.Release|ARM.ActiveCfg = Release|Any CPU
		{7B96E817-0369-4D5A-BB27-1D7CC700F23C}.Release|ARM.Build.0 = Release|Any CPU
		{7B96E817-0369-4D5A-BB27-1D7CC700F23C}.Release|Mixed Platforms.ActiveCfg = Release|Any CPU
		{7B96E817-0369-4D5A-BB27-1D7CC700F23C}.Release|Mixed Platforms.Build.0 = Release|Any CPU
		{7B96E817-0369-4D5A-BB27-1D7CC700F23C}.Release|Win32.ActiveCfg = Release|Any CPU
		{7B96E817-0369-4D5A-BB27-1D7CC700F23C}.Release|Win32.Build.0 = Release|Any CPU
		{7B96E817-0369-4D5A-BB27-1D7CC700F23C}.Release|x64.ActiveCfg = Release|Any CPU
		{7B96E817-0369-4D5A-BB27-1D7CC700F23C}.Release|x64.Build.0 = Release|Any CPU
		{7B96E817-0369-4D5A-BB27-1D7CC700F23C}.Release|x86.ActiveCfg = Release|Any CPU
		{7B96E817-0369-4D5A-BB27-1D7CC700F23C}.Release|x86.Build.0 = Release|Any CPU
	EndGlobalSection
	GlobalSection(SolutionProperties) = preSolution
		HideSolutionNode = FALSE
	EndGlobalSection
	GlobalSection(ExtensibilityGlobals) = postSolution
		SolutionGuid = {4DF45B03-CF9F-433F-A54B-D312E85BCDBE}
	EndGlobalSection
EndGlobal
