
Microsoft Visual Studio Solution File, Format Version 12.00
# Visual Studio 15
VisualStudioVersion = 15.0.27130.2036
MinimumVisualStudioVersion = 10.0.40219.1
Project("{FAE04EC0-301F-11D3-BF4B-00C04F79EFBC}") = "TestOCX", "TestOCX\TestOCX.csproj", "{4F5C0E6A-D0FC-4D4F-BB8F-40F3C7C6D900}"
EndProject
Project("{FAE04EC0-301F-11D3-BF4B-00C04F79EFBC}") = "TestWeb", "TestWeb\TestWeb.csproj", "{FCFAE0A4-424F-413D-A1B8-86434185B39B}"
EndProject
Project("{FAE04EC0-301F-11D3-BF4B-00C04F79EFBC}") = "createbase64", "createbase64\createbase64.csproj", "{C7A0A1EF-C553-4D48-A180-8BA47258B583}"
EndProject
Project("{FAE04EC0-301F-11D3-BF4B-00C04F79EFBC}") = "ClassLibrary1", "ClassLibrary1\ClassLibrary1.csproj", "{C9A22D9B-876F-4E77-BD85-43EEBCACC7F7}"
EndProject
Project("{FAE04EC0-301F-11D3-BF4B-00C04F79EFBC}") = "testgc", "testgc\testgc.csproj", "{05259531-9BE3-4726-A47B-1F30F4C5D650}"
EndProject
Global
	GlobalSection(SolutionConfigurationPlatforms) = preSolution
		Ad-Hoc|Any CPU = Ad-Hoc|Any CPU
		Ad-Hoc|iPhone = Ad-Hoc|iPhone
		Ad-Hoc|iPhoneSimulator = Ad-Hoc|iPhoneSimulator
		AppStore|Any CPU = AppStore|Any CPU
		AppStore|iPhone = AppStore|iPhone
		AppStore|iPhoneSimulator = AppStore|iPhoneSimulator
		Debug|Any CPU = Debug|Any CPU
		Debug|iPhone = Debug|iPhone
		Debug|iPhoneSimulator = Debug|iPhoneSimulator
		Release|Any CPU = Release|Any CPU
		Release|iPhone = Release|iPhone
		Release|iPhoneSimulator = Release|iPhoneSimulator
	EndGlobalSection
	GlobalSection(ProjectConfigurationPlatforms) = postSolution
		{4F5C0E6A-D0FC-4D4F-BB8F-40F3C7C6D900}.Ad-Hoc|Any CPU.ActiveCfg = Release|Any CPU
		{4F5C0E6A-D0FC-4D4F-BB8F-40F3C7C6D900}.Ad-Hoc|Any CPU.Build.0 = Release|Any CPU
		{4F5C0E6A-D0FC-4D4F-BB8F-40F3C7C6D900}.Ad-Hoc|iPhone.ActiveCfg = Release|Any CPU
		{4F5C0E6A-D0FC-4D4F-BB8F-40F3C7C6D900}.Ad-Hoc|iPhone.Build.0 = Release|Any CPU
		{4F5C0E6A-D0FC-4D4F-BB8F-40F3C7C6D900}.Ad-Hoc|iPhoneSimulator.ActiveCfg = Release|Any CPU
		{4F5C0E6A-D0FC-4D4F-BB8F-40F3C7C6D900}.Ad-Hoc|iPhoneSimulator.Build.0 = Release|Any CPU
		{4F5C0E6A-D0FC-4D4F-BB8F-40F3C7C6D900}.AppStore|Any CPU.ActiveCfg = Release|Any CPU
		{4F5C0E6A-D0FC-4D4F-BB8F-40F3C7C6D900}.AppStore|Any CPU.Build.0 = Release|Any CPU
		{4F5C0E6A-D0FC-4D4F-BB8F-40F3C7C6D900}.AppStore|iPhone.ActiveCfg = Release|Any CPU
		{4F5C0E6A-D0FC-4D4F-BB8F-40F3C7C6D900}.AppStore|iPhone.Build.0 = Release|Any CPU
		{4F5C0E6A-D0FC-4D4F-BB8F-40F3C7C6D900}.AppStore|iPhoneSimulator.ActiveCfg = Release|Any CPU
		{4F5C0E6A-D0FC-4D4F-BB8F-40F3C7C6D900}.AppStore|iPhoneSimulator.Build.0 = Release|Any CPU
		{4F5C0E6A-D0FC-4D4F-BB8F-40F3C7C6D900}.Debug|Any CPU.ActiveCfg = Debug|Any CPU
		{4F5C0E6A-D0FC-4D4F-BB8F-40F3C7C6D900}.Debug|Any CPU.Build.0 = Debug|Any CPU
		{4F5C0E6A-D0FC-4D4F-BB8F-40F3C7C6D900}.Debug|iPhone.ActiveCfg = Debug|Any CPU
		{4F5C0E6A-D0FC-4D4F-BB8F-40F3C7C6D900}.Debug|iPhone.Build.0 = Debug|Any CPU
		{4F5C0E6A-D0FC-4D4F-BB8F-40F3C7C6D900}.Debug|iPhoneSimulator.ActiveCfg = Debug|Any CPU
		{4F5C0E6A-D0FC-4D4F-BB8F-40F3C7C6D900}.Debug|iPhoneSimulator.Build.0 = Debug|Any CPU
		{4F5C0E6A-D0FC-4D4F-BB8F-40F3C7C6D900}.Release|Any CPU.ActiveCfg = Release|Any CPU
		{4F5C0E6A-D0FC-4D4F-BB8F-40F3C7C6D900}.Release|Any CPU.Build.0 = Release|Any CPU
		{4F5C0E6A-D0FC-4D4F-BB8F-40F3C7C6D900}.Release|iPhone.ActiveCfg = Release|Any CPU
		{4F5C0E6A-D0FC-4D4F-BB8F-40F3C7C6D900}.Release|iPhone.Build.0 = Release|Any CPU
		{4F5C0E6A-D0FC-4D4F-BB8F-40F3C7C6D900}.Release|iPhoneSimulator.ActiveCfg = Release|Any CPU
		{4F5C0E6A-D0FC-4D4F-BB8F-40F3C7C6D900}.Release|iPhoneSimulator.Build.0 = Release|Any CPU
		{FCFAE0A4-424F-413D-A1B8-86434185B39B}.Ad-Hoc|Any CPU.ActiveCfg = Release|Any CPU
		{FCFAE0A4-424F-413D-A1B8-86434185B39B}.Ad-Hoc|Any CPU.Build.0 = Release|Any CPU
		{FCFAE0A4-424F-413D-A1B8-86434185B39B}.Ad-Hoc|iPhone.ActiveCfg = Release|Any CPU
		{FCFAE0A4-424F-413D-A1B8-86434185B39B}.Ad-Hoc|iPhone.Build.0 = Release|Any CPU
		{FCFAE0A4-424F-413D-A1B8-86434185B39B}.Ad-Hoc|iPhoneSimulator.ActiveCfg = Release|Any CPU
		{FCFAE0A4-424F-413D-A1B8-86434185B39B}.Ad-Hoc|iPhoneSimulator.Build.0 = Release|Any CPU
		{FCFAE0A4-424F-413D-A1B8-86434185B39B}.AppStore|Any CPU.ActiveCfg = Release|Any CPU
		{FCFAE0A4-424F-413D-A1B8-86434185B39B}.AppStore|Any CPU.Build.0 = Release|Any CPU
		{FCFAE0A4-424F-413D-A1B8-86434185B39B}.AppStore|iPhone.ActiveCfg = Release|Any CPU
		{FCFAE0A4-424F-413D-A1B8-86434185B39B}.AppStore|iPhone.Build.0 = Release|Any CPU
		{FCFAE0A4-424F-413D-A1B8-86434185B39B}.AppStore|iPhoneSimulator.ActiveCfg = Release|Any CPU
		{FCFAE0A4-424F-413D-A1B8-86434185B39B}.AppStore|iPhoneSimulator.Build.0 = Release|Any CPU
		{FCFAE0A4-424F-413D-A1B8-86434185B39B}.Debug|Any CPU.ActiveCfg = Debug|Any CPU
		{FCFAE0A4-424F-413D-A1B8-86434185B39B}.Debug|Any CPU.Build.0 = Debug|Any CPU
		{FCFAE0A4-424F-413D-A1B8-86434185B39B}.Debug|iPhone.ActiveCfg = Debug|Any CPU
		{FCFAE0A4-424F-413D-A1B8-86434185B39B}.Debug|iPhone.Build.0 = Debug|Any CPU
		{FCFAE0A4-424F-413D-A1B8-86434185B39B}.Debug|iPhoneSimulator.ActiveCfg = Debug|Any CPU
		{FCFAE0A4-424F-413D-A1B8-86434185B39B}.Debug|iPhoneSimulator.Build.0 = Debug|Any CPU
		{FCFAE0A4-424F-413D-A1B8-86434185B39B}.Release|Any CPU.ActiveCfg = Release|Any CPU
		{FCFAE0A4-424F-413D-A1B8-86434185B39B}.Release|Any CPU.Build.0 = Release|Any CPU
		{FCFAE0A4-424F-413D-A1B8-86434185B39B}.Release|iPhone.ActiveCfg = Release|Any CPU
		{FCFAE0A4-424F-413D-A1B8-86434185B39B}.Release|iPhone.Build.0 = Release|Any CPU
		{FCFAE0A4-424F-413D-A1B8-86434185B39B}.Release|iPhoneSimulator.ActiveCfg = Release|Any CPU
		{FCFAE0A4-424F-413D-A1B8-86434185B39B}.Release|iPhoneSimulator.Build.0 = Release|Any CPU
		{C7A0A1EF-C553-4D48-A180-8BA47258B583}.Ad-Hoc|Any CPU.ActiveCfg = Release|Any CPU
		{C7A0A1EF-C553-4D48-A180-8BA47258B583}.Ad-Hoc|Any CPU.Build.0 = Release|Any CPU
		{C7A0A1EF-C553-4D48-A180-8BA47258B583}.Ad-Hoc|iPhone.ActiveCfg = Release|Any CPU
		{C7A0A1EF-C553-4D48-A180-8BA47258B583}.Ad-Hoc|iPhone.Build.0 = Release|Any CPU
		{C7A0A1EF-C553-4D48-A180-8BA47258B583}.Ad-Hoc|iPhoneSimulator.ActiveCfg = Release|Any CPU
		{C7A0A1EF-C553-4D48-A180-8BA47258B583}.Ad-Hoc|iPhoneSimulator.Build.0 = Release|Any CPU
		{C7A0A1EF-C553-4D48-A180-8BA47258B583}.AppStore|Any CPU.ActiveCfg = Release|Any CPU
		{C7A0A1EF-C553-4D48-A180-8BA47258B583}.AppStore|Any CPU.Build.0 = Release|Any CPU
		{C7A0A1EF-C553-4D48-A180-8BA47258B583}.AppStore|iPhone.ActiveCfg = Release|Any CPU
		{C7A0A1EF-C553-4D48-A180-8BA47258B583}.AppStore|iPhone.Build.0 = Release|Any CPU
		{C7A0A1EF-C553-4D48-A180-8BA47258B583}.AppStore|iPhoneSimulator.ActiveCfg = Release|Any CPU
		{C7A0A1EF-C553-4D48-A180-8BA47258B583}.AppStore|iPhoneSimulator.Build.0 = Release|Any CPU
		{C7A0A1EF-C553-4D48-A180-8BA47258B583}.Debug|Any CPU.ActiveCfg = Debug|Any CPU
		{C7A0A1EF-C553-4D48-A180-8BA47258B583}.Debug|Any CPU.Build.0 = Debug|Any CPU
		{C7A0A1EF-C553-4D48-A180-8BA47258B583}.Debug|iPhone.ActiveCfg = Debug|Any CPU
		{C7A0A1EF-C553-4D48-A180-8BA47258B583}.Debug|iPhone.Build.0 = Debug|Any CPU
		{C7A0A1EF-C553-4D48-A180-8BA47258B583}.Debug|iPhoneSimulator.ActiveCfg = Debug|Any CPU
		{C7A0A1EF-C553-4D48-A180-8BA47258B583}.Debug|iPhoneSimulator.Build.0 = Debug|Any CPU
		{C7A0A1EF-C553-4D48-A180-8BA47258B583}.Release|Any CPU.ActiveCfg = Release|Any CPU
		{C7A0A1EF-C553-4D48-A180-8BA47258B583}.Release|Any CPU.Build.0 = Release|Any CPU
		{C7A0A1EF-C553-4D48-A180-8BA47258B583}.Release|iPhone.ActiveCfg = Release|Any CPU
		{C7A0A1EF-C553-4D48-A180-8BA47258B583}.Release|iPhone.Build.0 = Release|Any CPU
		{C7A0A1EF-C553-4D48-A180-8BA47258B583}.Release|iPhoneSimulator.ActiveCfg = Release|Any CPU
		{C7A0A1EF-C553-4D48-A180-8BA47258B583}.Release|iPhoneSimulator.Build.0 = Release|Any CPU
		{C9A22D9B-876F-4E77-BD85-43EEBCACC7F7}.Ad-Hoc|Any CPU.ActiveCfg = Release|Any CPU
		{C9A22D9B-876F-4E77-BD85-43EEBCACC7F7}.Ad-Hoc|Any CPU.Build.0 = Release|Any CPU
		{C9A22D9B-876F-4E77-BD85-43EEBCACC7F7}.Ad-Hoc|iPhone.ActiveCfg = Release|Any CPU
		{C9A22D9B-876F-4E77-BD85-43EEBCACC7F7}.Ad-Hoc|iPhone.Build.0 = Release|Any CPU
		{C9A22D9B-876F-4E77-BD85-43EEBCACC7F7}.Ad-Hoc|iPhoneSimulator.ActiveCfg = Release|Any CPU
		{C9A22D9B-876F-4E77-BD85-43EEBCACC7F7}.Ad-Hoc|iPhoneSimulator.Build.0 = Release|Any CPU
		{C9A22D9B-876F-4E77-BD85-43EEBCACC7F7}.AppStore|Any CPU.ActiveCfg = Release|Any CPU
		{C9A22D9B-876F-4E77-BD85-43EEBCACC7F7}.AppStore|Any CPU.Build.0 = Release|Any CPU
		{C9A22D9B-876F-4E77-BD85-43EEBCACC7F7}.AppStore|iPhone.ActiveCfg = Release|Any CPU
		{C9A22D9B-876F-4E77-BD85-43EEBCACC7F7}.AppStore|iPhone.Build.0 = Release|Any CPU
		{C9A22D9B-876F-4E77-BD85-43EEBCACC7F7}.AppStore|iPhoneSimulator.ActiveCfg = Release|Any CPU
		{C9A22D9B-876F-4E77-BD85-43EEBCACC7F7}.AppStore|iPhoneSimulator.Build.0 = Release|Any CPU
		{C9A22D9B-876F-4E77-BD85-43EEBCACC7F7}.Debug|Any CPU.ActiveCfg = Debug|Any CPU
		{C9A22D9B-876F-4E77-BD85-43EEBCACC7F7}.Debug|Any CPU.Build.0 = Debug|Any CPU
		{C9A22D9B-876F-4E77-BD85-43EEBCACC7F7}.Debug|iPhone.ActiveCfg = Debug|Any CPU
		{C9A22D9B-876F-4E77-BD85-43EEBCACC7F7}.Debug|iPhone.Build.0 = Debug|Any CPU
		{C9A22D9B-876F-4E77-BD85-43EEBCACC7F7}.Debug|iPhoneSimulator.ActiveCfg = Debug|Any CPU
		{C9A22D9B-876F-4E77-BD85-43EEBCACC7F7}.Debug|iPhoneSimulator.Build.0 = Debug|Any CPU
		{C9A22D9B-876F-4E77-BD85-43EEBCACC7F7}.Release|Any CPU.ActiveCfg = Release|Any CPU
		{C9A22D9B-876F-4E77-BD85-43EEBCACC7F7}.Release|Any CPU.Build.0 = Release|Any CPU
		{C9A22D9B-876F-4E77-BD85-43EEBCACC7F7}.Release|iPhone.ActiveCfg = Release|Any CPU
		{C9A22D9B-876F-4E77-BD85-43EEBCACC7F7}.Release|iPhone.Build.0 = Release|Any CPU
		{C9A22D9B-876F-4E77-BD85-43EEBCACC7F7}.Release|iPhoneSimulator.ActiveCfg = Release|Any CPU
		{C9A22D9B-876F-4E77-BD85-43EEBCACC7F7}.Release|iPhoneSimulator.Build.0 = Release|Any CPU
		{05259531-9BE3-4726-A47B-1F30F4C5D650}.Ad-Hoc|Any CPU.ActiveCfg = Release|Any CPU
		{05259531-9BE3-4726-A47B-1F30F4C5D650}.Ad-Hoc|Any CPU.Build.0 = Release|Any CPU
		{05259531-9BE3-4726-A47B-1F30F4C5D650}.Ad-Hoc|iPhone.ActiveCfg = Release|Any CPU
		{05259531-9BE3-4726-A47B-1F30F4C5D650}.Ad-Hoc|iPhone.Build.0 = Release|Any CPU
		{05259531-9BE3-4726-A47B-1F30F4C5D650}.Ad-Hoc|iPhoneSimulator.ActiveCfg = Release|Any CPU
		{05259531-9BE3-4726-A47B-1F30F4C5D650}.Ad-Hoc|iPhoneSimulator.Build.0 = Release|Any CPU
		{05259531-9BE3-4726-A47B-1F30F4C5D650}.AppStore|Any CPU.ActiveCfg = Release|Any CPU
		{05259531-9BE3-4726-A47B-1F30F4C5D650}.AppStore|Any CPU.Build.0 = Release|Any CPU
		{05259531-9BE3-4726-A47B-1F30F4C5D650}.AppStore|iPhone.ActiveCfg = Release|Any CPU
		{05259531-9BE3-4726-A47B-1F30F4C5D650}.AppStore|iPhone.Build.0 = Release|Any CPU
		{05259531-9BE3-4726-A47B-1F30F4C5D650}.AppStore|iPhoneSimulator.ActiveCfg = Release|Any CPU
		{05259531-9BE3-4726-A47B-1F30F4C5D650}.AppStore|iPhoneSimulator.Build.0 = Release|Any CPU
		{05259531-9BE3-4726-A47B-1F30F4C5D650}.Debug|Any CPU.ActiveCfg = Debug|Any CPU
		{05259531-9BE3-4726-A47B-1F30F4C5D650}.Debug|Any CPU.Build.0 = Debug|Any CPU
		{05259531-9BE3-4726-A47B-1F30F4C5D650}.Debug|iPhone.ActiveCfg = Debug|Any CPU
		{05259531-9BE3-4726-A47B-1F30F4C5D650}.Debug|iPhone.Build.0 = Debug|Any CPU
		{05259531-9BE3-4726-A47B-1F30F4C5D650}.Debug|iPhoneSimulator.ActiveCfg = Debug|Any CPU
		{05259531-9BE3-4726-A47B-1F30F4C5D650}.Debug|iPhoneSimulator.Build.0 = Debug|Any CPU
		{05259531-9BE3-4726-A47B-1F30F4C5D650}.Release|Any CPU.ActiveCfg = Release|Any CPU
		{05259531-9BE3-4726-A47B-1F30F4C5D650}.Release|Any CPU.Build.0 = Release|Any CPU
		{05259531-9BE3-4726-A47B-1F30F4C5D650}.Release|iPhone.ActiveCfg = Release|Any CPU
		{05259531-9BE3-4726-A47B-1F30F4C5D650}.Release|iPhone.Build.0 = Release|Any CPU
		{05259531-9BE3-4726-A47B-1F30F4C5D650}.Release|iPhoneSimulator.ActiveCfg = Release|Any CPU
		{05259531-9BE3-4726-A47B-1F30F4C5D650}.Release|iPhoneSimulator.Build.0 = Release|Any CPU
	EndGlobalSection
	GlobalSection(SolutionProperties) = preSolution
		HideSolutionNode = FALSE
	EndGlobalSection
	GlobalSection(ExtensibilityGlobals) = postSolution
		SolutionGuid = {7A819079-F744-4BFD-8A01-AC965ADC4856}
	EndGlobalSection
EndGlobal
